// !$*UTF8*$!
{
	archiveVersion = 1;
	classes = {
	};
	objectVersion = 55;
	objects = {

/* Begin PBXBuildFile section */
		1E0462D929214B2600F60389 /* LocationViewModel.swift in Sources */ = {isa = PBXBuildFile; fileRef = 1E0462D829214B2600F60389 /* LocationViewModel.swift */; };
		1E0462DB29215B6500F60389 /* DrLocationView.swift in Sources */ = {isa = PBXBuildFile; fileRef = 1E0462DA29215B6500F60389 /* DrLocationView.swift */; };
		1E1E5DA927EA366D00BCC00A /* FirebaseAnalytics in Frameworks */ = {isa = PBXBuildFile; productRef = 1E1E5DA827EA366D00BCC00A /* FirebaseAnalytics */; };
		1E1E5DAB27EA366D00BCC00A /* FirebaseAnalyticsSwift-Beta in Frameworks */ = {isa = PBXBuildFile; productRef = 1E1E5DAA27EA366D00BCC00A /* FirebaseAnalyticsSwift-Beta */; };
		1E1E5DAD27EA366D00BCC00A /* FirebaseAnalyticsWithoutAdIdSupport in Frameworks */ = {isa = PBXBuildFile; productRef = 1E1E5DAC27EA366D00BCC00A /* FirebaseAnalyticsWithoutAdIdSupport */; };
		1E1E5DAF27EA366D00BCC00A /* FirebaseAppCheck in Frameworks */ = {isa = PBXBuildFile; productRef = 1E1E5DAE27EA366D00BCC00A /* FirebaseAppCheck */; };
		1E1E5DB127EA366D00BCC00A /* FirebaseAppDistribution-Beta in Frameworks */ = {isa = PBXBuildFile; productRef = 1E1E5DB027EA366D00BCC00A /* FirebaseAppDistribution-Beta */; };
		1E1E5DB327EA366D00BCC00A /* FirebaseAuth in Frameworks */ = {isa = PBXBuildFile; productRef = 1E1E5DB227EA366D00BCC00A /* FirebaseAuth */; };
		1E1E5DB527EA366D00BCC00A /* FirebaseAuthCombine-Community in Frameworks */ = {isa = PBXBuildFile; productRef = 1E1E5DB427EA366D00BCC00A /* FirebaseAuthCombine-Community */; };
		1E1E5DB727EA366D00BCC00A /* FirebaseCrashlytics in Frameworks */ = {isa = PBXBuildFile; productRef = 1E1E5DB627EA366D00BCC00A /* FirebaseCrashlytics */; };
		1E1E5DB927EA366D00BCC00A /* FirebaseDatabase in Frameworks */ = {isa = PBXBuildFile; productRef = 1E1E5DB827EA366D00BCC00A /* FirebaseDatabase */; };
		1E1E5DBB27EA366D00BCC00A /* FirebaseDatabaseSwift-Beta in Frameworks */ = {isa = PBXBuildFile; productRef = 1E1E5DBA27EA366D00BCC00A /* FirebaseDatabaseSwift-Beta */; };
		1E1E5DBD27EA366D00BCC00A /* FirebaseDynamicLinks in Frameworks */ = {isa = PBXBuildFile; productRef = 1E1E5DBC27EA366D00BCC00A /* FirebaseDynamicLinks */; };
		1E1E5DBF27EA366D00BCC00A /* FirebaseFirestore in Frameworks */ = {isa = PBXBuildFile; productRef = 1E1E5DBE27EA366D00BCC00A /* FirebaseFirestore */; };
		1E1E5DC127EA366D00BCC00A /* FirebaseFirestoreCombine-Community in Frameworks */ = {isa = PBXBuildFile; productRef = 1E1E5DC027EA366D00BCC00A /* FirebaseFirestoreCombine-Community */; };
		1E1E5DC327EA366D00BCC00A /* FirebaseFirestoreSwift-Beta in Frameworks */ = {isa = PBXBuildFile; productRef = 1E1E5DC227EA366D00BCC00A /* FirebaseFirestoreSwift-Beta */; };
		1E1E5DC527EA366D00BCC00A /* FirebaseFunctions in Frameworks */ = {isa = PBXBuildFile; productRef = 1E1E5DC427EA366D00BCC00A /* FirebaseFunctions */; };
		1E1E5DC727EA366D00BCC00A /* FirebaseFunctionsCombine-Community in Frameworks */ = {isa = PBXBuildFile; productRef = 1E1E5DC627EA366D00BCC00A /* FirebaseFunctionsCombine-Community */; };
		1E1E5DC927EA366D00BCC00A /* FirebaseFunctionsSwift-Beta in Frameworks */ = {isa = PBXBuildFile; productRef = 1E1E5DC827EA366D00BCC00A /* FirebaseFunctionsSwift-Beta */; };
		1E1E5DCB27EA366D00BCC00A /* FirebaseInAppMessaging-Beta in Frameworks */ = {isa = PBXBuildFile; productRef = 1E1E5DCA27EA366D00BCC00A /* FirebaseInAppMessaging-Beta */; };
		1E1E5DCD27EA366D00BCC00A /* FirebaseInAppMessagingSwift-Beta in Frameworks */ = {isa = PBXBuildFile; productRef = 1E1E5DCC27EA366D00BCC00A /* FirebaseInAppMessagingSwift-Beta */; };
		1E1E5DCF27EA366D00BCC00A /* FirebaseInstallations in Frameworks */ = {isa = PBXBuildFile; productRef = 1E1E5DCE27EA366D00BCC00A /* FirebaseInstallations */; };
		1E1E5DD127EA366D00BCC00A /* FirebaseMLModelDownloader in Frameworks */ = {isa = PBXBuildFile; productRef = 1E1E5DD027EA366D00BCC00A /* FirebaseMLModelDownloader */; };
		1E1E5DD327EA366D00BCC00A /* FirebaseMessaging in Frameworks */ = {isa = PBXBuildFile; productRef = 1E1E5DD227EA366D00BCC00A /* FirebaseMessaging */; };
		1E1E5DD527EA366D00BCC00A /* FirebasePerformance in Frameworks */ = {isa = PBXBuildFile; productRef = 1E1E5DD427EA366D00BCC00A /* FirebasePerformance */; };
		1E1E5DD727EA366D00BCC00A /* FirebaseRemoteConfig in Frameworks */ = {isa = PBXBuildFile; productRef = 1E1E5DD627EA366D00BCC00A /* FirebaseRemoteConfig */; };
		1E1E5DD927EA366D00BCC00A /* FirebaseRemoteConfigSwift-Beta in Frameworks */ = {isa = PBXBuildFile; productRef = 1E1E5DD827EA366D00BCC00A /* FirebaseRemoteConfigSwift-Beta */; };
		1E1E5DDB27EA366D00BCC00A /* FirebaseStorage in Frameworks */ = {isa = PBXBuildFile; productRef = 1E1E5DDA27EA366D00BCC00A /* FirebaseStorage */; };
		1E1E5DDD27EA366D00BCC00A /* FirebaseStorageCombine-Community in Frameworks */ = {isa = PBXBuildFile; productRef = 1E1E5DDC27EA366D00BCC00A /* FirebaseStorageCombine-Community */; };
		1E1E5DDF27EA366D00BCC00A /* FirebaseStorageSwift-Beta in Frameworks */ = {isa = PBXBuildFile; productRef = 1E1E5DDE27EA366D00BCC00A /* FirebaseStorageSwift-Beta */; };
		1E1E5DE127ECF79800BCC00A /* RatesModel.swift in Sources */ = {isa = PBXBuildFile; fileRef = 1E1E5DE027ECF79800BCC00A /* RatesModel.swift */; };
		1E1E5DE327ECF8F800BCC00A /* RatesViewModel.swift in Sources */ = {isa = PBXBuildFile; fileRef = 1E1E5DE227ECF8F800BCC00A /* RatesViewModel.swift */; };
		1E1E5DE527EF765100BCC00A /* ErrorView.swift in Sources */ = {isa = PBXBuildFile; fileRef = 1E1E5DE427EF765000BCC00A /* ErrorView.swift */; };
		1E1E5DEC27F23B2300BCC00A /* TrackViewModel.swift in Sources */ = {isa = PBXBuildFile; fileRef = 1E1E5DEB27F23B2300BCC00A /* TrackViewModel.swift */; };
		1E2E552527DFA66800F25C10 /* TrackView.swift in Sources */ = {isa = PBXBuildFile; fileRef = 1E2E552427DFA66800F25C10 /* TrackView.swift */; };
		1E2E552827DFC22D00F25C10 /* Localizable.strings in Resources */ = {isa = PBXBuildFile; fileRef = 1E2E552A27DFC22D00F25C10 /* Localizable.strings */; };
		1E40F1062857EA2B001DC2A4 /* Endpoint.swift in Sources */ = {isa = PBXBuildFile; fileRef = 1E40F1052857EA2B001DC2A4 /* Endpoint.swift */; };
		1E6E551528995D4600ADA8F4 /* SplashScreenView.swift in Sources */ = {isa = PBXBuildFile; fileRef = 1E6E551428995D4600ADA8F4 /* SplashScreenView.swift */; };
		1E6E5517289962E200ADA8F4 /* Fonts.swift in Sources */ = {isa = PBXBuildFile; fileRef = 1E6E5516289962E200ADA8F4 /* Fonts.swift */; };
		1EBD54522885A21F0007A77B /* TrackModel.swift in Sources */ = {isa = PBXBuildFile; fileRef = 1EBD54512885A21F0007A77B /* TrackModel.swift */; };
		1EBD5454288701DE0007A77B /* GoogleService-Info.plist in Resources */ = {isa = PBXBuildFile; fileRef = 1EBD5453288701DE0007A77B /* GoogleService-Info.plist */; };
		1EBD54572888466B0007A77B /* FirebaseAnalytics in Frameworks */ = {isa = PBXBuildFile; productRef = 1EBD54562888466B0007A77B /* FirebaseAnalytics */; };
		1EBD54592888466B0007A77B /* FirebaseAnalyticsSwift-Beta in Frameworks */ = {isa = PBXBuildFile; productRef = 1EBD54582888466B0007A77B /* FirebaseAnalyticsSwift-Beta */; };
		1EBD545B2888466B0007A77B /* FirebaseAnalyticsWithoutAdIdSupport in Frameworks */ = {isa = PBXBuildFile; productRef = 1EBD545A2888466B0007A77B /* FirebaseAnalyticsWithoutAdIdSupport */; };
		1EBD545D2888466B0007A77B /* FirebaseAppCheck in Frameworks */ = {isa = PBXBuildFile; productRef = 1EBD545C2888466B0007A77B /* FirebaseAppCheck */; };
		1EBD545F2888466B0007A77B /* FirebaseAppDistribution-Beta in Frameworks */ = {isa = PBXBuildFile; productRef = 1EBD545E2888466B0007A77B /* FirebaseAppDistribution-Beta */; };
		1EBD54612888466B0007A77B /* FirebaseAuth in Frameworks */ = {isa = PBXBuildFile; productRef = 1EBD54602888466B0007A77B /* FirebaseAuth */; };
		1EBD54632888466B0007A77B /* FirebaseAuthCombine-Community in Frameworks */ = {isa = PBXBuildFile; productRef = 1EBD54622888466B0007A77B /* FirebaseAuthCombine-Community */; };
		1EBD54652888466B0007A77B /* FirebaseCrashlytics in Frameworks */ = {isa = PBXBuildFile; productRef = 1EBD54642888466B0007A77B /* FirebaseCrashlytics */; };
		1EBD54672888466B0007A77B /* FirebaseDatabase in Frameworks */ = {isa = PBXBuildFile; productRef = 1EBD54662888466B0007A77B /* FirebaseDatabase */; };
		1EBD54692888466B0007A77B /* FirebaseDatabaseSwift-Beta in Frameworks */ = {isa = PBXBuildFile; productRef = 1EBD54682888466B0007A77B /* FirebaseDatabaseSwift-Beta */; };
		1EBD546B2888466B0007A77B /* FirebaseDynamicLinks in Frameworks */ = {isa = PBXBuildFile; productRef = 1EBD546A2888466B0007A77B /* FirebaseDynamicLinks */; };
		1EBD546D2888466B0007A77B /* FirebaseFirestore in Frameworks */ = {isa = PBXBuildFile; productRef = 1EBD546C2888466B0007A77B /* FirebaseFirestore */; };
		1EBD546F2888466B0007A77B /* FirebaseFirestoreCombine-Community in Frameworks */ = {isa = PBXBuildFile; productRef = 1EBD546E2888466B0007A77B /* FirebaseFirestoreCombine-Community */; };
		1EBD54712888466B0007A77B /* FirebaseFirestoreSwift-Beta in Frameworks */ = {isa = PBXBuildFile; productRef = 1EBD54702888466B0007A77B /* FirebaseFirestoreSwift-Beta */; };
		1EBD54732888466B0007A77B /* FirebaseFunctions in Frameworks */ = {isa = PBXBuildFile; productRef = 1EBD54722888466B0007A77B /* FirebaseFunctions */; };
		1EBD54752888466B0007A77B /* FirebaseFunctionsCombine-Community in Frameworks */ = {isa = PBXBuildFile; productRef = 1EBD54742888466B0007A77B /* FirebaseFunctionsCombine-Community */; };
		1EBD54772888466B0007A77B /* FirebaseFunctionsSwift-Beta in Frameworks */ = {isa = PBXBuildFile; productRef = 1EBD54762888466B0007A77B /* FirebaseFunctionsSwift-Beta */; };
		1EBD54792888466B0007A77B /* FirebaseInAppMessaging-Beta in Frameworks */ = {isa = PBXBuildFile; productRef = 1EBD54782888466B0007A77B /* FirebaseInAppMessaging-Beta */; };
		1EBD547B2888466B0007A77B /* FirebaseInAppMessagingSwift-Beta in Frameworks */ = {isa = PBXBuildFile; productRef = 1EBD547A2888466B0007A77B /* FirebaseInAppMessagingSwift-Beta */; };
		1EBD547D2888466B0007A77B /* FirebaseInstallations in Frameworks */ = {isa = PBXBuildFile; productRef = 1EBD547C2888466B0007A77B /* FirebaseInstallations */; };
		1EBD547F2888466B0007A77B /* FirebaseMLModelDownloader in Frameworks */ = {isa = PBXBuildFile; productRef = 1EBD547E2888466B0007A77B /* FirebaseMLModelDownloader */; };
		1EBD54812888466B0007A77B /* FirebaseMessaging in Frameworks */ = {isa = PBXBuildFile; productRef = 1EBD54802888466B0007A77B /* FirebaseMessaging */; };
		1EBD54832888466B0007A77B /* FirebasePerformance in Frameworks */ = {isa = PBXBuildFile; productRef = 1EBD54822888466B0007A77B /* FirebasePerformance */; };
		1EBD54852888466B0007A77B /* FirebaseRemoteConfig in Frameworks */ = {isa = PBXBuildFile; productRef = 1EBD54842888466B0007A77B /* FirebaseRemoteConfig */; };
		1EBD54872888466B0007A77B /* FirebaseRemoteConfigSwift-Beta in Frameworks */ = {isa = PBXBuildFile; productRef = 1EBD54862888466B0007A77B /* FirebaseRemoteConfigSwift-Beta */; };
		1EBD54892888466B0007A77B /* FirebaseStorage in Frameworks */ = {isa = PBXBuildFile; productRef = 1EBD54882888466B0007A77B /* FirebaseStorage */; };
		1EBD548B2888466B0007A77B /* FirebaseStorageCombine-Community in Frameworks */ = {isa = PBXBuildFile; productRef = 1EBD548A2888466B0007A77B /* FirebaseStorageCombine-Community */; };
		1EBD548D2888466B0007A77B /* FirebaseStorageSwift-Beta in Frameworks */ = {isa = PBXBuildFile; productRef = 1EBD548C2888466B0007A77B /* FirebaseStorageSwift-Beta */; };
		1EC528F127E281DC00650843 /* FirebaseAnalytics in Frameworks */ = {isa = PBXBuildFile; productRef = 1EC528F027E281DC00650843 /* FirebaseAnalytics */; };
		1EC528F327E281DC00650843 /* FirebaseAnalyticsSwift-Beta in Frameworks */ = {isa = PBXBuildFile; productRef = 1EC528F227E281DC00650843 /* FirebaseAnalyticsSwift-Beta */; };
		1EC528F527E281DC00650843 /* FirebaseAnalyticsWithoutAdIdSupport in Frameworks */ = {isa = PBXBuildFile; productRef = 1EC528F427E281DC00650843 /* FirebaseAnalyticsWithoutAdIdSupport */; };
		1EC528F727E281DC00650843 /* FirebaseAppCheck in Frameworks */ = {isa = PBXBuildFile; productRef = 1EC528F627E281DC00650843 /* FirebaseAppCheck */; };
		1EC528F927E281DC00650843 /* FirebaseAppDistribution-Beta in Frameworks */ = {isa = PBXBuildFile; productRef = 1EC528F827E281DC00650843 /* FirebaseAppDistribution-Beta */; };
		1EC528FB27E281DC00650843 /* FirebaseAuth in Frameworks */ = {isa = PBXBuildFile; productRef = 1EC528FA27E281DC00650843 /* FirebaseAuth */; };
		1EC528FD27E281DC00650843 /* FirebaseAuthCombine-Community in Frameworks */ = {isa = PBXBuildFile; productRef = 1EC528FC27E281DC00650843 /* FirebaseAuthCombine-Community */; };
		1EC528FF27E281DC00650843 /* FirebaseCrashlytics in Frameworks */ = {isa = PBXBuildFile; productRef = 1EC528FE27E281DC00650843 /* FirebaseCrashlytics */; };
		1EC5290127E281DC00650843 /* FirebaseDatabase in Frameworks */ = {isa = PBXBuildFile; productRef = 1EC5290027E281DC00650843 /* FirebaseDatabase */; };
		1EC5290327E281DC00650843 /* FirebaseDatabaseSwift-Beta in Frameworks */ = {isa = PBXBuildFile; productRef = 1EC5290227E281DC00650843 /* FirebaseDatabaseSwift-Beta */; };
		1EC5290527E281DC00650843 /* FirebaseDynamicLinks in Frameworks */ = {isa = PBXBuildFile; productRef = 1EC5290427E281DC00650843 /* FirebaseDynamicLinks */; };
		1EC5290727E281DC00650843 /* FirebaseFirestore in Frameworks */ = {isa = PBXBuildFile; productRef = 1EC5290627E281DC00650843 /* FirebaseFirestore */; };
		1EC5290927E281DC00650843 /* FirebaseFirestoreCombine-Community in Frameworks */ = {isa = PBXBuildFile; productRef = 1EC5290827E281DC00650843 /* FirebaseFirestoreCombine-Community */; };
		1EC5290B27E281DC00650843 /* FirebaseFirestoreSwift-Beta in Frameworks */ = {isa = PBXBuildFile; productRef = 1EC5290A27E281DC00650843 /* FirebaseFirestoreSwift-Beta */; };
		1EC5290D27E281DC00650843 /* FirebaseFunctions in Frameworks */ = {isa = PBXBuildFile; productRef = 1EC5290C27E281DC00650843 /* FirebaseFunctions */; };
		1EC5290F27E281DC00650843 /* FirebaseFunctionsCombine-Community in Frameworks */ = {isa = PBXBuildFile; productRef = 1EC5290E27E281DC00650843 /* FirebaseFunctionsCombine-Community */; };
		1EC5291127E281DC00650843 /* FirebaseFunctionsSwift-Beta in Frameworks */ = {isa = PBXBuildFile; productRef = 1EC5291027E281DC00650843 /* FirebaseFunctionsSwift-Beta */; };
		1EC5291327E281DC00650843 /* FirebaseInAppMessaging-Beta in Frameworks */ = {isa = PBXBuildFile; productRef = 1EC5291227E281DC00650843 /* FirebaseInAppMessaging-Beta */; };
		1EC5291527E281DC00650843 /* FirebaseInAppMessagingSwift-Beta in Frameworks */ = {isa = PBXBuildFile; productRef = 1EC5291427E281DC00650843 /* FirebaseInAppMessagingSwift-Beta */; };
		1EC5291727E281DC00650843 /* FirebaseInstallations in Frameworks */ = {isa = PBXBuildFile; productRef = 1EC5291627E281DC00650843 /* FirebaseInstallations */; };
		1EC5291927E281DC00650843 /* FirebaseMLModelDownloader in Frameworks */ = {isa = PBXBuildFile; productRef = 1EC5291827E281DC00650843 /* FirebaseMLModelDownloader */; };
		1EC5291B27E281DC00650843 /* FirebaseMessaging in Frameworks */ = {isa = PBXBuildFile; productRef = 1EC5291A27E281DC00650843 /* FirebaseMessaging */; };
		1EC5291D27E281DC00650843 /* FirebasePerformance in Frameworks */ = {isa = PBXBuildFile; productRef = 1EC5291C27E281DC00650843 /* FirebasePerformance */; };
		1EC5291F27E281DC00650843 /* FirebaseRemoteConfig in Frameworks */ = {isa = PBXBuildFile; productRef = 1EC5291E27E281DC00650843 /* FirebaseRemoteConfig */; };
		1EC5292127E281DC00650843 /* FirebaseRemoteConfigSwift-Beta in Frameworks */ = {isa = PBXBuildFile; productRef = 1EC5292027E281DC00650843 /* FirebaseRemoteConfigSwift-Beta */; };
		1EC5292327E281DC00650843 /* FirebaseStorage in Frameworks */ = {isa = PBXBuildFile; productRef = 1EC5292227E281DC00650843 /* FirebaseStorage */; };
		1EC5292527E281DC00650843 /* FirebaseStorageCombine-Community in Frameworks */ = {isa = PBXBuildFile; productRef = 1EC5292427E281DC00650843 /* FirebaseStorageCombine-Community */; };
		1EC5292727E281DC00650843 /* FirebaseStorageSwift-Beta in Frameworks */ = {isa = PBXBuildFile; productRef = 1EC5292627E281DC00650843 /* FirebaseStorageSwift-Beta */; };
		1EE474A627C4050100861E5C /* EmbarqueTenaresSwiftUIApp.swift in Sources */ = {isa = PBXBuildFile; fileRef = 1EE474A527C4050100861E5C /* EmbarqueTenaresSwiftUIApp.swift */; };
		1EE474A827C4050100861E5C /* MainView.swift in Sources */ = {isa = PBXBuildFile; fileRef = 1EE474A727C4050100861E5C /* MainView.swift */; };
		1EE474AA27C4050500861E5C /* Assets.xcassets in Resources */ = {isa = PBXBuildFile; fileRef = 1EE474A927C4050500861E5C /* Assets.xcassets */; };
		1EE474AD27C4050500861E5C /* Preview Assets.xcassets in Resources */ = {isa = PBXBuildFile; fileRef = 1EE474AC27C4050500861E5C /* Preview Assets.xcassets */; };
		1EE474B827C4081000861E5C /* RatesView.swift in Sources */ = {isa = PBXBuildFile; fileRef = 1EE474B727C4081000861E5C /* RatesView.swift */; };
		1EE474BA27C4082100861E5C /* FAQsView.swift in Sources */ = {isa = PBXBuildFile; fileRef = 1EE474B927C4082100861E5C /* FAQsView.swift */; };
		1EE474BC27C4082E00861E5C /* LocationsView.swift in Sources */ = {isa = PBXBuildFile; fileRef = 1EE474BB27C4082E00861E5C /* LocationsView.swift */; };
		1EE474BE27C40FEF00861E5C /* NewYorkLocationView.swift in Sources */ = {isa = PBXBuildFile; fileRef = 1EE474BD27C40FEF00861E5C /* NewYorkLocationView.swift */; };
		1EE474C027C40FFD00861E5C /* DominicanRepublicLocationView.swift in Sources */ = {isa = PBXBuildFile; fileRef = 1EE474BF27C40FFD00861E5C /* DominicanRepublicLocationView.swift */; };
		1EE474C227C41EBE00861E5C /* Color.swift in Sources */ = {isa = PBXBuildFile; fileRef = 1EE474C127C41EBE00861E5C /* Color.swift */; };
		1EFE3DA127E8F2ED0021F8D6 /* FAQsViewModel.swift in Sources */ = {isa = PBXBuildFile; fileRef = 1EFE3DA027E8F2ED0021F8D6 /* FAQsViewModel.swift */; };
		1EFE3DA327E8FC750021F8D6 /* FAQsModel.swift in Sources */ = {isa = PBXBuildFile; fileRef = 1EFE3DA227E8FC750021F8D6 /* FAQsModel.swift */; };
/* End PBXBuildFile section */

/* Begin PBXFileReference section */
		1E0462D829214B2600F60389 /* LocationViewModel.swift */ = {isa = PBXFileReference; lastKnownFileType = sourcecode.swift; path = LocationViewModel.swift; sourceTree = "<group>"; };
		1E0462DA29215B6500F60389 /* DrLocationView.swift */ = {isa = PBXFileReference; lastKnownFileType = sourcecode.swift; path = DrLocationView.swift; sourceTree = "<group>"; };
		1E1E5DE027ECF79800BCC00A /* RatesModel.swift */ = {isa = PBXFileReference; lastKnownFileType = sourcecode.swift; path = RatesModel.swift; sourceTree = "<group>"; };
		1E1E5DE227ECF8F800BCC00A /* RatesViewModel.swift */ = {isa = PBXFileReference; lastKnownFileType = sourcecode.swift; path = RatesViewModel.swift; sourceTree = "<group>"; };
		1E1E5DE427EF765000BCC00A /* ErrorView.swift */ = {isa = PBXFileReference; lastKnownFileType = sourcecode.swift; path = ErrorView.swift; sourceTree = "<group>"; };
		1E1E5DEB27F23B2300BCC00A /* TrackViewModel.swift */ = {isa = PBXFileReference; lastKnownFileType = sourcecode.swift; path = TrackViewModel.swift; sourceTree = "<group>"; };
		1E2E552327DBB4A200F25C10 /* Info.plist */ = {isa = PBXFileReference; lastKnownFileType = text.plist; path = Info.plist; sourceTree = "<group>"; };
		1E2E552427DFA66800F25C10 /* TrackView.swift */ = {isa = PBXFileReference; lastKnownFileType = sourcecode.swift; path = TrackView.swift; sourceTree = "<group>"; };
		1E2E552927DFC22D00F25C10 /* en */ = {isa = PBXFileReference; lastKnownFileType = text.plist.strings; name = en; path = en.lproj/Localizable.strings; sourceTree = "<group>"; };
		1E2E552B27DFC22F00F25C10 /* es */ = {isa = PBXFileReference; lastKnownFileType = text.plist.strings; name = es; path = es.lproj/Localizable.strings; sourceTree = "<group>"; };
		1E40F1052857EA2B001DC2A4 /* Endpoint.swift */ = {isa = PBXFileReference; lastKnownFileType = sourcecode.swift; path = Endpoint.swift; sourceTree = "<group>"; };
		1E6E551428995D4600ADA8F4 /* SplashScreenView.swift */ = {isa = PBXFileReference; lastKnownFileType = sourcecode.swift; path = SplashScreenView.swift; sourceTree = "<group>"; };
		1E6E5516289962E200ADA8F4 /* Fonts.swift */ = {isa = PBXFileReference; lastKnownFileType = sourcecode.swift; path = Fonts.swift; sourceTree = "<group>"; };
		1EBD54512885A21F0007A77B /* TrackModel.swift */ = {isa = PBXFileReference; lastKnownFileType = sourcecode.swift; path = TrackModel.swift; sourceTree = "<group>"; };
		1EBD5453288701DE0007A77B /* GoogleService-Info.plist */ = {isa = PBXFileReference; fileEncoding = 4; lastKnownFileType = text.plist.xml; path = "GoogleService-Info.plist"; sourceTree = "<group>"; };
		1EE474A227C4050100861E5C /* Tenares Shipping.app */ = {isa = PBXFileReference; explicitFileType = wrapper.application; includeInIndex = 0; path = "Tenares Shipping.app"; sourceTree = BUILT_PRODUCTS_DIR; };
		1EE474A527C4050100861E5C /* EmbarqueTenaresSwiftUIApp.swift */ = {isa = PBXFileReference; lastKnownFileType = sourcecode.swift; path = EmbarqueTenaresSwiftUIApp.swift; sourceTree = "<group>"; };
		1EE474A727C4050100861E5C /* MainView.swift */ = {isa = PBXFileReference; lastKnownFileType = sourcecode.swift; path = MainView.swift; sourceTree = "<group>"; };
		1EE474A927C4050500861E5C /* Assets.xcassets */ = {isa = PBXFileReference; lastKnownFileType = folder.assetcatalog; path = Assets.xcassets; sourceTree = "<group>"; };
		1EE474AC27C4050500861E5C /* Preview Assets.xcassets */ = {isa = PBXFileReference; lastKnownFileType = folder.assetcatalog; path = "Preview Assets.xcassets"; sourceTree = "<group>"; };
		1EE474B727C4081000861E5C /* RatesView.swift */ = {isa = PBXFileReference; lastKnownFileType = sourcecode.swift; path = RatesView.swift; sourceTree = "<group>"; };
		1EE474B927C4082100861E5C /* FAQsView.swift */ = {isa = PBXFileReference; lastKnownFileType = sourcecode.swift; path = FAQsView.swift; sourceTree = "<group>"; };
		1EE474BB27C4082E00861E5C /* LocationsView.swift */ = {isa = PBXFileReference; lastKnownFileType = sourcecode.swift; path = LocationsView.swift; sourceTree = "<group>"; };
		1EE474BD27C40FEF00861E5C /* NewYorkLocationView.swift */ = {isa = PBXFileReference; lastKnownFileType = sourcecode.swift; path = NewYorkLocationView.swift; sourceTree = "<group>"; };
		1EE474BF27C40FFD00861E5C /* DominicanRepublicLocationView.swift */ = {isa = PBXFileReference; lastKnownFileType = sourcecode.swift; path = DominicanRepublicLocationView.swift; sourceTree = "<group>"; };
		1EE474C127C41EBE00861E5C /* Color.swift */ = {isa = PBXFileReference; lastKnownFileType = sourcecode.swift; path = Color.swift; sourceTree = "<group>"; };
		1EFE3DA027E8F2ED0021F8D6 /* FAQsViewModel.swift */ = {isa = PBXFileReference; lastKnownFileType = sourcecode.swift; path = FAQsViewModel.swift; sourceTree = "<group>"; };
		1EFE3DA227E8FC750021F8D6 /* FAQsModel.swift */ = {isa = PBXFileReference; lastKnownFileType = sourcecode.swift; path = FAQsModel.swift; sourceTree = "<group>"; };
/* End PBXFileReference section */

/* Begin PBXFrameworksBuildPhase section */
		1EE4749F27C4050100861E5C /* Frameworks */ = {
			isa = PBXFrameworksBuildPhase;
			buildActionMask = 2147483647;
			files = (
				1EBD54672888466B0007A77B /* FirebaseDatabase in Frameworks */,
				1E1E5DAB27EA366D00BCC00A /* FirebaseAnalyticsSwift-Beta in Frameworks */,
				1EC5290927E281DC00650843 /* FirebaseFirestoreCombine-Community in Frameworks */,
				1EBD546B2888466B0007A77B /* FirebaseDynamicLinks in Frameworks */,
				1EC5290327E281DC00650843 /* FirebaseDatabaseSwift-Beta in Frameworks */,
				1EBD548D2888466B0007A77B /* FirebaseStorageSwift-Beta in Frameworks */,
				1EBD54772888466B0007A77B /* FirebaseFunctionsSwift-Beta in Frameworks */,
				1EC5290527E281DC00650843 /* FirebaseDynamicLinks in Frameworks */,
				1EC528F727E281DC00650843 /* FirebaseAppCheck in Frameworks */,
				1E1E5DDF27EA366D00BCC00A /* FirebaseStorageSwift-Beta in Frameworks */,
				1EC528FB27E281DC00650843 /* FirebaseAuth in Frameworks */,
				1EBD548B2888466B0007A77B /* FirebaseStorageCombine-Community in Frameworks */,
				1EBD545B2888466B0007A77B /* FirebaseAnalyticsWithoutAdIdSupport in Frameworks */,
				1EC5292727E281DC00650843 /* FirebaseStorageSwift-Beta in Frameworks */,
				1EBD54612888466B0007A77B /* FirebaseAuth in Frameworks */,
				1EC528F327E281DC00650843 /* FirebaseAnalyticsSwift-Beta in Frameworks */,
				1EC5292127E281DC00650843 /* FirebaseRemoteConfigSwift-Beta in Frameworks */,
				1EBD54592888466B0007A77B /* FirebaseAnalyticsSwift-Beta in Frameworks */,
				1E1E5DC327EA366D00BCC00A /* FirebaseFirestoreSwift-Beta in Frameworks */,
				1E1E5DCD27EA366D00BCC00A /* FirebaseInAppMessagingSwift-Beta in Frameworks */,
				1EC5291927E281DC00650843 /* FirebaseMLModelDownloader in Frameworks */,
				1EBD545F2888466B0007A77B /* FirebaseAppDistribution-Beta in Frameworks */,
				1EC5290727E281DC00650843 /* FirebaseFirestore in Frameworks */,
				1EC5290F27E281DC00650843 /* FirebaseFunctionsCombine-Community in Frameworks */,
				1EBD546D2888466B0007A77B /* FirebaseFirestore in Frameworks */,
				1EBD54632888466B0007A77B /* FirebaseAuthCombine-Community in Frameworks */,
				1EC528F927E281DC00650843 /* FirebaseAppDistribution-Beta in Frameworks */,
				1E1E5DBF27EA366D00BCC00A /* FirebaseFirestore in Frameworks */,
				1EBD54572888466B0007A77B /* FirebaseAnalytics in Frameworks */,
				1EBD547D2888466B0007A77B /* FirebaseInstallations in Frameworks */,
				1EC528F527E281DC00650843 /* FirebaseAnalyticsWithoutAdIdSupport in Frameworks */,
				1E1E5DBB27EA366D00BCC00A /* FirebaseDatabaseSwift-Beta in Frameworks */,
				1EC5290B27E281DC00650843 /* FirebaseFirestoreSwift-Beta in Frameworks */,
				1EC5291327E281DC00650843 /* FirebaseInAppMessaging-Beta in Frameworks */,
				1E1E5DC927EA366D00BCC00A /* FirebaseFunctionsSwift-Beta in Frameworks */,
				1E1E5DAF27EA366D00BCC00A /* FirebaseAppCheck in Frameworks */,
				1EBD54692888466B0007A77B /* FirebaseDatabaseSwift-Beta in Frameworks */,
				1E1E5DDD27EA366D00BCC00A /* FirebaseStorageCombine-Community in Frameworks */,
				1E1E5DAD27EA366D00BCC00A /* FirebaseAnalyticsWithoutAdIdSupport in Frameworks */,
				1EBD54872888466B0007A77B /* FirebaseRemoteConfigSwift-Beta in Frameworks */,
				1EBD545D2888466B0007A77B /* FirebaseAppCheck in Frameworks */,
				1E1E5DD727EA366D00BCC00A /* FirebaseRemoteConfig in Frameworks */,
				1EBD54852888466B0007A77B /* FirebaseRemoteConfig in Frameworks */,
				1EBD54712888466B0007A77B /* FirebaseFirestoreSwift-Beta in Frameworks */,
				1EC528FF27E281DC00650843 /* FirebaseCrashlytics in Frameworks */,
				1E1E5DB527EA366D00BCC00A /* FirebaseAuthCombine-Community in Frameworks */,
				1E1E5DD927EA366D00BCC00A /* FirebaseRemoteConfigSwift-Beta in Frameworks */,
				1E1E5DB327EA366D00BCC00A /* FirebaseAuth in Frameworks */,
				1E1E5DD527EA366D00BCC00A /* FirebasePerformance in Frameworks */,
				1EC5290127E281DC00650843 /* FirebaseDatabase in Frameworks */,
				1E1E5DCF27EA366D00BCC00A /* FirebaseInstallations in Frameworks */,
				1E1E5DB127EA366D00BCC00A /* FirebaseAppDistribution-Beta in Frameworks */,
				1EC5292527E281DC00650843 /* FirebaseStorageCombine-Community in Frameworks */,
				1EBD54752888466B0007A77B /* FirebaseFunctionsCombine-Community in Frameworks */,
				1EC5291F27E281DC00650843 /* FirebaseRemoteConfig in Frameworks */,
				1EC5291127E281DC00650843 /* FirebaseFunctionsSwift-Beta in Frameworks */,
				1E1E5DD327EA366D00BCC00A /* FirebaseMessaging in Frameworks */,
				1EC5290D27E281DC00650843 /* FirebaseFunctions in Frameworks */,
				1EC5291D27E281DC00650843 /* FirebasePerformance in Frameworks */,
				1E1E5DD127EA366D00BCC00A /* FirebaseMLModelDownloader in Frameworks */,
				1EBD54832888466B0007A77B /* FirebasePerformance in Frameworks */,
				1EBD54792888466B0007A77B /* FirebaseInAppMessaging-Beta in Frameworks */,
				1E1E5DC727EA366D00BCC00A /* FirebaseFunctionsCombine-Community in Frameworks */,
				1E1E5DCB27EA366D00BCC00A /* FirebaseInAppMessaging-Beta in Frameworks */,
				1EC5291527E281DC00650843 /* FirebaseInAppMessagingSwift-Beta in Frameworks */,
				1EBD54812888466B0007A77B /* FirebaseMessaging in Frameworks */,
				1E1E5DB927EA366D00BCC00A /* FirebaseDatabase in Frameworks */,
				1E1E5DC527EA366D00BCC00A /* FirebaseFunctions in Frameworks */,
				1EBD547F2888466B0007A77B /* FirebaseMLModelDownloader in Frameworks */,
				1EC5292327E281DC00650843 /* FirebaseStorage in Frameworks */,
				1EC528FD27E281DC00650843 /* FirebaseAuthCombine-Community in Frameworks */,
				1EC528F127E281DC00650843 /* FirebaseAnalytics in Frameworks */,
				1EBD546F2888466B0007A77B /* FirebaseFirestoreCombine-Community in Frameworks */,
				1E1E5DDB27EA366D00BCC00A /* FirebaseStorage in Frameworks */,
				1EC5291B27E281DC00650843 /* FirebaseMessaging in Frameworks */,
				1EBD547B2888466B0007A77B /* FirebaseInAppMessagingSwift-Beta in Frameworks */,
				1E1E5DB727EA366D00BCC00A /* FirebaseCrashlytics in Frameworks */,
				1EBD54892888466B0007A77B /* FirebaseStorage in Frameworks */,
				1EBD54732888466B0007A77B /* FirebaseFunctions in Frameworks */,
				1E1E5DA927EA366D00BCC00A /* FirebaseAnalytics in Frameworks */,
				1EC5291727E281DC00650843 /* FirebaseInstallations in Frameworks */,
				1EBD54652888466B0007A77B /* FirebaseCrashlytics in Frameworks */,
				1E1E5DC127EA366D00BCC00A /* FirebaseFirestoreCombine-Community in Frameworks */,
				1E1E5DBD27EA366D00BCC00A /* FirebaseDynamicLinks in Frameworks */,
			);
			runOnlyForDeploymentPostprocessing = 0;
		};
/* End PBXFrameworksBuildPhase section */

/* Begin PBXGroup section */
		1E6E551828A400E700ADA8F4 /* Service */ = {
			isa = PBXGroup;
			children = (
			);
			path = Service;
			sourceTree = "<group>";
		};
		1EE4749927C4050100861E5C = {
			isa = PBXGroup;
			children = (
				1EE474A427C4050100861E5C /* EmbarqueTenaresSwiftUI */,
				1EE474A327C4050100861E5C /* Products */,
			);
			sourceTree = "<group>";
		};
		1EE474A327C4050100861E5C /* Products */ = {
			isa = PBXGroup;
			children = (
				1EE474A227C4050100861E5C /* Tenares Shipping.app */,
			);
			name = Products;
			sourceTree = "<group>";
		};
		1EE474A427C4050100861E5C /* EmbarqueTenaresSwiftUI */ = {
			isa = PBXGroup;
			children = (
				1E6E551828A400E700ADA8F4 /* Service */,
				1EFE3D9F27E8E3270021F8D6 /* View */,
				1EFE3D9E27E8E3230021F8D6 /* ViewModel */,
				1EFE3D9D27E8E31E0021F8D6 /* Model */,
				1E2E552327DBB4A200F25C10 /* Info.plist */,
				1EBD5453288701DE0007A77B /* GoogleService-Info.plist */,
				1E2E552A27DFC22D00F25C10 /* Localizable.strings */,
				1EE474A527C4050100861E5C /* EmbarqueTenaresSwiftUIApp.swift */,
				1EE474C127C41EBE00861E5C /* Color.swift */,
				1EE474A927C4050500861E5C /* Assets.xcassets */,
				1EE474AB27C4050500861E5C /* Preview Content */,
			);
			path = EmbarqueTenaresSwiftUI;
			sourceTree = "<group>";
		};
		1EE474AB27C4050500861E5C /* Preview Content */ = {
			isa = PBXGroup;
			children = (
				1EE474AC27C4050500861E5C /* Preview Assets.xcassets */,
			);
			path = "Preview Content";
			sourceTree = "<group>";
		};
		1EFE3D9D27E8E31E0021F8D6 /* Model */ = {
			isa = PBXGroup;
			children = (
				1EFE3DA227E8FC750021F8D6 /* FAQsModel.swift */,
				1E1E5DE027ECF79800BCC00A /* RatesModel.swift */,
				1E40F1052857EA2B001DC2A4 /* Endpoint.swift */,
				1EBD54512885A21F0007A77B /* TrackModel.swift */,
				1E6E5516289962E200ADA8F4 /* Fonts.swift */,
			);
			path = Model;
			sourceTree = "<group>";
		};
		1EFE3D9E27E8E3230021F8D6 /* ViewModel */ = {
			isa = PBXGroup;
			children = (
				1E1E5DE227ECF8F800BCC00A /* RatesViewModel.swift */,
				1EFE3DA027E8F2ED0021F8D6 /* FAQsViewModel.swift */,
				1E1E5DEB27F23B2300BCC00A /* TrackViewModel.swift */,
				1E0462D829214B2600F60389 /* LocationViewModel.swift */,
			);
			path = ViewModel;
			sourceTree = "<group>";
		};
		1EFE3D9F27E8E3270021F8D6 /* View */ = {
			isa = PBXGroup;
			children = (
				1EE474A727C4050100861E5C /* MainView.swift */,
				1E2E552427DFA66800F25C10 /* TrackView.swift */,
				1EE474B727C4081000861E5C /* RatesView.swift */,
				1EE474B927C4082100861E5C /* FAQsView.swift */,
				1EE474BB27C4082E00861E5C /* LocationsView.swift */,
				1EE474BD27C40FEF00861E5C /* NewYorkLocationView.swift */,
				1EE474BF27C40FFD00861E5C /* DominicanRepublicLocationView.swift */,
				1E1E5DE427EF765000BCC00A /* ErrorView.swift */,
				1E6E551428995D4600ADA8F4 /* SplashScreenView.swift */,
				1E0462DA29215B6500F60389 /* DrLocationView.swift */,
			);
			path = View;
			sourceTree = "<group>";
		};
/* End PBXGroup section */

/* Begin PBXNativeTarget section */
		1EE474A127C4050100861E5C /* Tenares Shipping */ = {
			isa = PBXNativeTarget;
			buildConfigurationList = 1EE474B027C4050500861E5C /* Build configuration list for PBXNativeTarget "Tenares Shipping" */;
			buildPhases = (
				1EE4749E27C4050100861E5C /* Sources */,
				1EE4749F27C4050100861E5C /* Frameworks */,
				1EE474A027C4050100861E5C /* Resources */,
			);
			buildRules = (
			);
			dependencies = (
			);
			name = "Tenares Shipping";
			packageProductDependencies = (
				1EC528F027E281DC00650843 /* FirebaseAnalytics */,
				1EC528F227E281DC00650843 /* FirebaseAnalyticsSwift-Beta */,
				1EC528F427E281DC00650843 /* FirebaseAnalyticsWithoutAdIdSupport */,
				1EC528F627E281DC00650843 /* FirebaseAppCheck */,
				1EC528F827E281DC00650843 /* FirebaseAppDistribution-Beta */,
				1EC528FA27E281DC00650843 /* FirebaseAuth */,
				1EC528FC27E281DC00650843 /* FirebaseAuthCombine-Community */,
				1EC528FE27E281DC00650843 /* FirebaseCrashlytics */,
				1EC5290027E281DC00650843 /* FirebaseDatabase */,
				1EC5290227E281DC00650843 /* FirebaseDatabaseSwift-Beta */,
				1EC5290427E281DC00650843 /* FirebaseDynamicLinks */,
				1EC5290627E281DC00650843 /* FirebaseFirestore */,
				1EC5290827E281DC00650843 /* FirebaseFirestoreCombine-Community */,
				1EC5290A27E281DC00650843 /* FirebaseFirestoreSwift-Beta */,
				1EC5290C27E281DC00650843 /* FirebaseFunctions */,
				1EC5290E27E281DC00650843 /* FirebaseFunctionsCombine-Community */,
				1EC5291027E281DC00650843 /* FirebaseFunctionsSwift-Beta */,
				1EC5291227E281DC00650843 /* FirebaseInAppMessaging-Beta */,
				1EC5291427E281DC00650843 /* FirebaseInAppMessagingSwift-Beta */,
				1EC5291627E281DC00650843 /* FirebaseInstallations */,
				1EC5291827E281DC00650843 /* FirebaseMLModelDownloader */,
				1EC5291A27E281DC00650843 /* FirebaseMessaging */,
				1EC5291C27E281DC00650843 /* FirebasePerformance */,
				1EC5291E27E281DC00650843 /* FirebaseRemoteConfig */,
				1EC5292027E281DC00650843 /* FirebaseRemoteConfigSwift-Beta */,
				1EC5292227E281DC00650843 /* FirebaseStorage */,
				1EC5292427E281DC00650843 /* FirebaseStorageCombine-Community */,
				1EC5292627E281DC00650843 /* FirebaseStorageSwift-Beta */,
				1E1E5DA827EA366D00BCC00A /* FirebaseAnalytics */,
				1E1E5DAA27EA366D00BCC00A /* FirebaseAnalyticsSwift-Beta */,
				1E1E5DAC27EA366D00BCC00A /* FirebaseAnalyticsWithoutAdIdSupport */,
				1E1E5DAE27EA366D00BCC00A /* FirebaseAppCheck */,
				1E1E5DB027EA366D00BCC00A /* FirebaseAppDistribution-Beta */,
				1E1E5DB227EA366D00BCC00A /* FirebaseAuth */,
				1E1E5DB427EA366D00BCC00A /* FirebaseAuthCombine-Community */,
				1E1E5DB627EA366D00BCC00A /* FirebaseCrashlytics */,
				1E1E5DB827EA366D00BCC00A /* FirebaseDatabase */,
				1E1E5DBA27EA366D00BCC00A /* FirebaseDatabaseSwift-Beta */,
				1E1E5DBC27EA366D00BCC00A /* FirebaseDynamicLinks */,
				1E1E5DBE27EA366D00BCC00A /* FirebaseFirestore */,
				1E1E5DC027EA366D00BCC00A /* FirebaseFirestoreCombine-Community */,
				1E1E5DC227EA366D00BCC00A /* FirebaseFirestoreSwift-Beta */,
				1E1E5DC427EA366D00BCC00A /* FirebaseFunctions */,
				1E1E5DC627EA366D00BCC00A /* FirebaseFunctionsCombine-Community */,
				1E1E5DC827EA366D00BCC00A /* FirebaseFunctionsSwift-Beta */,
				1E1E5DCA27EA366D00BCC00A /* FirebaseInAppMessaging-Beta */,
				1E1E5DCC27EA366D00BCC00A /* FirebaseInAppMessagingSwift-Beta */,
				1E1E5DCE27EA366D00BCC00A /* FirebaseInstallations */,
				1E1E5DD027EA366D00BCC00A /* FirebaseMLModelDownloader */,
				1E1E5DD227EA366D00BCC00A /* FirebaseMessaging */,
				1E1E5DD427EA366D00BCC00A /* FirebasePerformance */,
				1E1E5DD627EA366D00BCC00A /* FirebaseRemoteConfig */,
				1E1E5DD827EA366D00BCC00A /* FirebaseRemoteConfigSwift-Beta */,
				1E1E5DDA27EA366D00BCC00A /* FirebaseStorage */,
				1E1E5DDC27EA366D00BCC00A /* FirebaseStorageCombine-Community */,
				1E1E5DDE27EA366D00BCC00A /* FirebaseStorageSwift-Beta */,
				1EBD54562888466B0007A77B /* FirebaseAnalytics */,
				1EBD54582888466B0007A77B /* FirebaseAnalyticsSwift-Beta */,
				1EBD545A2888466B0007A77B /* FirebaseAnalyticsWithoutAdIdSupport */,
				1EBD545C2888466B0007A77B /* FirebaseAppCheck */,
				1EBD545E2888466B0007A77B /* FirebaseAppDistribution-Beta */,
				1EBD54602888466B0007A77B /* FirebaseAuth */,
				1EBD54622888466B0007A77B /* FirebaseAuthCombine-Community */,
				1EBD54642888466B0007A77B /* FirebaseCrashlytics */,
				1EBD54662888466B0007A77B /* FirebaseDatabase */,
				1EBD54682888466B0007A77B /* FirebaseDatabaseSwift-Beta */,
				1EBD546A2888466B0007A77B /* FirebaseDynamicLinks */,
				1EBD546C2888466B0007A77B /* FirebaseFirestore */,
				1EBD546E2888466B0007A77B /* FirebaseFirestoreCombine-Community */,
				1EBD54702888466B0007A77B /* FirebaseFirestoreSwift-Beta */,
				1EBD54722888466B0007A77B /* FirebaseFunctions */,
				1EBD54742888466B0007A77B /* FirebaseFunctionsCombine-Community */,
				1EBD54762888466B0007A77B /* FirebaseFunctionsSwift-Beta */,
				1EBD54782888466B0007A77B /* FirebaseInAppMessaging-Beta */,
				1EBD547A2888466B0007A77B /* FirebaseInAppMessagingSwift-Beta */,
				1EBD547C2888466B0007A77B /* FirebaseInstallations */,
				1EBD547E2888466B0007A77B /* FirebaseMLModelDownloader */,
				1EBD54802888466B0007A77B /* FirebaseMessaging */,
				1EBD54822888466B0007A77B /* FirebasePerformance */,
				1EBD54842888466B0007A77B /* FirebaseRemoteConfig */,
				1EBD54862888466B0007A77B /* FirebaseRemoteConfigSwift-Beta */,
				1EBD54882888466B0007A77B /* FirebaseStorage */,
				1EBD548A2888466B0007A77B /* FirebaseStorageCombine-Community */,
				1EBD548C2888466B0007A77B /* FirebaseStorageSwift-Beta */,
			);
			productName = EmbarqueTenaresSwiftUI;
			productReference = 1EE474A227C4050100861E5C /* Tenares Shipping.app */;
			productType = "com.apple.product-type.application";
		};
/* End PBXNativeTarget section */

/* Begin PBXProject section */
		1EE4749A27C4050100861E5C /* Project object */ = {
			isa = PBXProject;
			attributes = {
				BuildIndependentTargetsInParallel = 1;
				LastSwiftUpdateCheck = 1320;
				LastUpgradeCheck = 1330;
				TargetAttributes = {
					1EE474A127C4050100861E5C = {
						CreatedOnToolsVersion = 13.2.1;
					};
				};
			};
			buildConfigurationList = 1EE4749D27C4050100861E5C /* Build configuration list for PBXProject "Tenares Shipping" */;
			compatibilityVersion = "Xcode 13.0";
			developmentRegion = en;
			hasScannedForEncodings = 0;
			knownRegions = (
				en,
				Base,
				es,
			);
			mainGroup = 1EE4749927C4050100861E5C;
			packageReferences = (
				1EC528EF27E281DC00650843 /* XCRemoteSwiftPackageReference "firebase-ios-sdk" */,
				1EFE3DA627EA13C90021F8D6 /* XCRemoteSwiftPackageReference "firebase-ios-sdk" */,
				1E1E5DA727EA366D00BCC00A /* XCRemoteSwiftPackageReference "firebase-ios-sdk" */,
				1EBD54552888466B0007A77B /* XCRemoteSwiftPackageReference "firebase-ios-sdk" */,
			);
			productRefGroup = 1EE474A327C4050100861E5C /* Products */;
			projectDirPath = "";
			projectRoot = "";
			targets = (
				1EE474A127C4050100861E5C /* Tenares Shipping */,
			);
		};
/* End PBXProject section */

/* Begin PBXResourcesBuildPhase section */
		1EE474A027C4050100861E5C /* Resources */ = {
			isa = PBXResourcesBuildPhase;
			buildActionMask = 2147483647;
			files = (
				1EE474AD27C4050500861E5C /* Preview Assets.xcassets in Resources */,
				1EBD5454288701DE0007A77B /* GoogleService-Info.plist in Resources */,
				1E2E552827DFC22D00F25C10 /* Localizable.strings in Resources */,
				1EE474AA27C4050500861E5C /* Assets.xcassets in Resources */,
			);
			runOnlyForDeploymentPostprocessing = 0;
		};
/* End PBXResourcesBuildPhase section */

/* Begin PBXSourcesBuildPhase section */
		1EE4749E27C4050100861E5C /* Sources */ = {
			isa = PBXSourcesBuildPhase;
			buildActionMask = 2147483647;
			files = (
				1E1E5DEC27F23B2300BCC00A /* TrackViewModel.swift in Sources */,
				1E1E5DE327ECF8F800BCC00A /* RatesViewModel.swift in Sources */,
				1EE474A827C4050100861E5C /* MainView.swift in Sources */,
				1E0462D929214B2600F60389 /* LocationViewModel.swift in Sources */,
				1E0462DB29215B6500F60389 /* DrLocationView.swift in Sources */,
				1EE474A627C4050100861E5C /* EmbarqueTenaresSwiftUIApp.swift in Sources */,
				1EE474C027C40FFD00861E5C /* DominicanRepublicLocationView.swift in Sources */,
				1E1E5DE127ECF79800BCC00A /* RatesModel.swift in Sources */,
				1EBD54522885A21F0007A77B /* TrackModel.swift in Sources */,
				1E2E552527DFA66800F25C10 /* TrackView.swift in Sources */,
				1E1E5DE527EF765100BCC00A /* ErrorView.swift in Sources */,
				1EFE3DA327E8FC750021F8D6 /* FAQsModel.swift in Sources */,
				1EFE3DA127E8F2ED0021F8D6 /* FAQsViewModel.swift in Sources */,
				1E6E551528995D4600ADA8F4 /* SplashScreenView.swift in Sources */,
				1E40F1062857EA2B001DC2A4 /* Endpoint.swift in Sources */,
				1EE474BE27C40FEF00861E5C /* NewYorkLocationView.swift in Sources */,
				1EE474BA27C4082100861E5C /* FAQsView.swift in Sources */,
				1EE474B827C4081000861E5C /* RatesView.swift in Sources */,
				1EE474BC27C4082E00861E5C /* LocationsView.swift in Sources */,
				1E6E5517289962E200ADA8F4 /* Fonts.swift in Sources */,
				1EE474C227C41EBE00861E5C /* Color.swift in Sources */,
			);
			runOnlyForDeploymentPostprocessing = 0;
		};
/* End PBXSourcesBuildPhase section */

/* Begin PBXVariantGroup section */
		1E2E552A27DFC22D00F25C10 /* Localizable.strings */ = {
			isa = PBXVariantGroup;
			children = (
				1E2E552927DFC22D00F25C10 /* en */,
				1E2E552B27DFC22F00F25C10 /* es */,
			);
			name = Localizable.strings;
			sourceTree = "<group>";
		};
/* End PBXVariantGroup section */

/* Begin XCBuildConfiguration section */
		1EE474AE27C4050500861E5C /* Debug */ = {
			isa = XCBuildConfiguration;
			buildSettings = {
				ALWAYS_SEARCH_USER_PATHS = NO;
				CLANG_ANALYZER_LOCALIZABILITY_NONLOCALIZED = YES;
				CLANG_ANALYZER_NONNULL = YES;
				CLANG_ANALYZER_NUMBER_OBJECT_CONVERSION = YES_AGGRESSIVE;
				CLANG_CXX_LANGUAGE_STANDARD = "gnu++17";
				CLANG_CXX_LIBRARY = "libc++";
				CLANG_ENABLE_MODULES = YES;
				CLANG_ENABLE_OBJC_ARC = YES;
				CLANG_ENABLE_OBJC_WEAK = YES;
				CLANG_WARN_BLOCK_CAPTURE_AUTORELEASING = YES;
				CLANG_WARN_BOOL_CONVERSION = YES;
				CLANG_WARN_COMMA = YES;
				CLANG_WARN_CONSTANT_CONVERSION = YES;
				CLANG_WARN_DEPRECATED_OBJC_IMPLEMENTATIONS = YES;
				CLANG_WARN_DIRECT_OBJC_ISA_USAGE = YES_ERROR;
				CLANG_WARN_DOCUMENTATION_COMMENTS = YES;
				CLANG_WARN_EMPTY_BODY = YES;
				CLANG_WARN_ENUM_CONVERSION = YES;
				CLANG_WARN_INFINITE_RECURSION = YES;
				CLANG_WARN_INT_CONVERSION = YES;
				CLANG_WARN_NON_LITERAL_NULL_CONVERSION = YES;
				CLANG_WARN_OBJC_IMPLICIT_RETAIN_SELF = YES;
				CLANG_WARN_OBJC_LITERAL_CONVERSION = YES;
				CLANG_WARN_OBJC_ROOT_CLASS = YES_ERROR;
				CLANG_WARN_QUOTED_INCLUDE_IN_FRAMEWORK_HEADER = YES;
				CLANG_WARN_RANGE_LOOP_ANALYSIS = YES;
				CLANG_WARN_STRICT_PROTOTYPES = YES;
				CLANG_WARN_SUSPICIOUS_MOVE = YES;
				CLANG_WARN_UNGUARDED_AVAILABILITY = YES_AGGRESSIVE;
				CLANG_WARN_UNREACHABLE_CODE = YES;
				CLANG_WARN__DUPLICATE_METHOD_MATCH = YES;
				COPY_PHASE_STRIP = NO;
				DEBUG_INFORMATION_FORMAT = dwarf;
				ENABLE_STRICT_OBJC_MSGSEND = YES;
				ENABLE_TESTABILITY = YES;
				GCC_C_LANGUAGE_STANDARD = gnu11;
				GCC_DYNAMIC_NO_PIC = NO;
				GCC_NO_COMMON_BLOCKS = YES;
				GCC_OPTIMIZATION_LEVEL = 0;
				GCC_PREPROCESSOR_DEFINITIONS = (
					"DEBUG=1",
					"$(inherited)",
				);
				GCC_WARN_64_TO_32_BIT_CONVERSION = YES;
				GCC_WARN_ABOUT_RETURN_TYPE = YES_ERROR;
				GCC_WARN_UNDECLARED_SELECTOR = YES;
				GCC_WARN_UNINITIALIZED_AUTOS = YES_AGGRESSIVE;
				GCC_WARN_UNUSED_FUNCTION = YES;
				GCC_WARN_UNUSED_VARIABLE = YES;
				IPHONEOS_DEPLOYMENT_TARGET = 15.0;
				MTL_ENABLE_DEBUG_INFO = INCLUDE_SOURCE;
				MTL_FAST_MATH = YES;
				ONLY_ACTIVE_ARCH = YES;
				SDKROOT = iphoneos;
				SWIFT_ACTIVE_COMPILATION_CONDITIONS = DEBUG;
				SWIFT_OPTIMIZATION_LEVEL = "-Onone";
			};
			name = Debug;
		};
		1EE474AF27C4050500861E5C /* Release */ = {
			isa = XCBuildConfiguration;
			buildSettings = {
				ALWAYS_SEARCH_USER_PATHS = NO;
				CLANG_ANALYZER_LOCALIZABILITY_NONLOCALIZED = YES;
				CLANG_ANALYZER_NONNULL = YES;
				CLANG_ANALYZER_NUMBER_OBJECT_CONVERSION = YES_AGGRESSIVE;
				CLANG_CXX_LANGUAGE_STANDARD = "gnu++17";
				CLANG_CXX_LIBRARY = "libc++";
				CLANG_ENABLE_MODULES = YES;
				CLANG_ENABLE_OBJC_ARC = YES;
				CLANG_ENABLE_OBJC_WEAK = YES;
				CLANG_WARN_BLOCK_CAPTURE_AUTORELEASING = YES;
				CLANG_WARN_BOOL_CONVERSION = YES;
				CLANG_WARN_COMMA = YES;
				CLANG_WARN_CONSTANT_CONVERSION = YES;
				CLANG_WARN_DEPRECATED_OBJC_IMPLEMENTATIONS = YES;
				CLANG_WARN_DIRECT_OBJC_ISA_USAGE = YES_ERROR;
				CLANG_WARN_DOCUMENTATION_COMMENTS = YES;
				CLANG_WARN_EMPTY_BODY = YES;
				CLANG_WARN_ENUM_CONVERSION = YES;
				CLANG_WARN_INFINITE_RECURSION = YES;
				CLANG_WARN_INT_CONVERSION = YES;
				CLANG_WARN_NON_LITERAL_NULL_CONVERSION = YES;
				CLANG_WARN_OBJC_IMPLICIT_RETAIN_SELF = YES;
				CLANG_WARN_OBJC_LITERAL_CONVERSION = YES;
				CLANG_WARN_OBJC_ROOT_CLASS = YES_ERROR;
				CLANG_WARN_QUOTED_INCLUDE_IN_FRAMEWORK_HEADER = YES;
				CLANG_WARN_RANGE_LOOP_ANALYSIS = YES;
				CLANG_WARN_STRICT_PROTOTYPES = YES;
				CLANG_WARN_SUSPICIOUS_MOVE = YES;
				CLANG_WARN_UNGUARDED_AVAILABILITY = YES_AGGRESSIVE;
				CLANG_WARN_UNREACHABLE_CODE = YES;
				CLANG_WARN__DUPLICATE_METHOD_MATCH = YES;
				COPY_PHASE_STRIP = NO;
				DEBUG_INFORMATION_FORMAT = "dwarf-with-dsym";
				ENABLE_NS_ASSERTIONS = NO;
				ENABLE_STRICT_OBJC_MSGSEND = YES;
				GCC_C_LANGUAGE_STANDARD = gnu11;
				GCC_NO_COMMON_BLOCKS = YES;
				GCC_WARN_64_TO_32_BIT_CONVERSION = YES;
				GCC_WARN_ABOUT_RETURN_TYPE = YES_ERROR;
				GCC_WARN_UNDECLARED_SELECTOR = YES;
				GCC_WARN_UNINITIALIZED_AUTOS = YES_AGGRESSIVE;
				GCC_WARN_UNUSED_FUNCTION = YES;
				GCC_WARN_UNUSED_VARIABLE = YES;
				IPHONEOS_DEPLOYMENT_TARGET = 15.0;
				MTL_ENABLE_DEBUG_INFO = NO;
				MTL_FAST_MATH = YES;
				SDKROOT = iphoneos;
				SWIFT_COMPILATION_MODE = wholemodule;
				SWIFT_OPTIMIZATION_LEVEL = "-O";
				VALIDATE_PRODUCT = YES;
			};
			name = Release;
		};
		1EE474B127C4050500861E5C /* Debug */ = {
			isa = XCBuildConfiguration;
			buildSettings = {
				ASSETCATALOG_COMPILER_APPICON_NAME = AppIcon;
				ASSETCATALOG_COMPILER_GLOBAL_ACCENT_COLOR_NAME = AccentColor;
				CODE_SIGN_STYLE = Automatic;
				CURRENT_PROJECT_VERSION = 1;
				DEVELOPMENT_ASSET_PATHS = "\"EmbarqueTenaresSwiftUI/Preview Content\"";
				DEVELOPMENT_TEAM = 49AKYU26GJ;
				ENABLE_PREVIEWS = YES;
				GENERATE_INFOPLIST_FILE = YES;
				INFOPLIST_FILE = EmbarqueTenaresSwiftUI/Info.plist;
				INFOPLIST_KEY_CFBundleDisplayName = "Tenares Shipping";
				INFOPLIST_KEY_UIApplicationSceneManifest_Generation = YES;
				INFOPLIST_KEY_UIApplicationSupportsIndirectInputEvents = YES;
				INFOPLIST_KEY_UISupportedInterfaceOrientations = UIInterfaceOrientationPortrait;
				INFOPLIST_KEY_UISupportedInterfaceOrientations_iPad = "UIInterfaceOrientationPortrait UIInterfaceOrientationPortraitUpsideDown UIInterfaceOrientationLandscapeLeft UIInterfaceOrientationLandscapeRight";
				INFOPLIST_KEY_UISupportedInterfaceOrientations_iPhone = "UIInterfaceOrientationPortrait UIInterfaceOrientationLandscapeLeft UIInterfaceOrientationLandscapeRight";
				IPHONEOS_DEPLOYMENT_TARGET = 15.0;
				LD_RUNPATH_SEARCH_PATHS = (
					"$(inherited)",
					"@executable_path/Frameworks",
				);
				MARKETING_VERSION = 2.0;
				PRODUCT_BUNDLE_IDENTIFIER = com.embarquetenares.TenaresShipping;
				PRODUCT_NAME = "$(TARGET_NAME)";
				SWIFT_EMIT_LOC_STRINGS = YES;
				SWIFT_VERSION = 5.0;
				TARGETED_DEVICE_FAMILY = "1,2";
			};
			name = Debug;
		};
		1EE474B227C4050500861E5C /* Release */ = {
			isa = XCBuildConfiguration;
			buildSettings = {
				ASSETCATALOG_COMPILER_APPICON_NAME = AppIcon;
				ASSETCATALOG_COMPILER_GLOBAL_ACCENT_COLOR_NAME = AccentColor;
				CODE_SIGN_STYLE = Automatic;
				CURRENT_PROJECT_VERSION = 1;
				DEVELOPMENT_ASSET_PATHS = "\"EmbarqueTenaresSwiftUI/Preview Content\"";
				DEVELOPMENT_TEAM = 49AKYU26GJ;
				ENABLE_PREVIEWS = YES;
				GENERATE_INFOPLIST_FILE = YES;
				INFOPLIST_FILE = EmbarqueTenaresSwiftUI/Info.plist;
				INFOPLIST_KEY_CFBundleDisplayName = "Tenares Shipping";
				INFOPLIST_KEY_UIApplicationSceneManifest_Generation = YES;
				INFOPLIST_KEY_UIApplicationSupportsIndirectInputEvents = YES;
				INFOPLIST_KEY_UISupportedInterfaceOrientations = UIInterfaceOrientationPortrait;
				INFOPLIST_KEY_UISupportedInterfaceOrientations_iPad = "UIInterfaceOrientationPortrait UIInterfaceOrientationPortraitUpsideDown UIInterfaceOrientationLandscapeLeft UIInterfaceOrientationLandscapeRight";
				INFOPLIST_KEY_UISupportedInterfaceOrientations_iPhone = "UIInterfaceOrientationPortrait UIInterfaceOrientationLandscapeLeft UIInterfaceOrientationLandscapeRight";
				IPHONEOS_DEPLOYMENT_TARGET = 15.0;
				LD_RUNPATH_SEARCH_PATHS = (
					"$(inherited)",
					"@executable_path/Frameworks",
				);
				MARKETING_VERSION = 2.0;
				PRODUCT_BUNDLE_IDENTIFIER = com.embarquetenares.TenaresShipping;
				PRODUCT_NAME = "$(TARGET_NAME)";
				SWIFT_EMIT_LOC_STRINGS = YES;
				SWIFT_VERSION = 5.0;
				TARGETED_DEVICE_FAMILY = "1,2";
			};
			name = Release;
		};
/* End XCBuildConfiguration section */

/* Begin XCConfigurationList section */
		1EE4749D27C4050100861E5C /* Build configuration list for PBXProject "Tenares Shipping" */ = {
			isa = XCConfigurationList;
			buildConfigurations = (
				1EE474AE27C4050500861E5C /* Debug */,
				1EE474AF27C4050500861E5C /* Release */,
			);
			defaultConfigurationIsVisible = 0;
			defaultConfigurationName = Release;
		};
		1EE474B027C4050500861E5C /* Build configuration list for PBXNativeTarget "Tenares Shipping" */ = {
			isa = XCConfigurationList;
			buildConfigurations = (
				1EE474B127C4050500861E5C /* Debug */,
				1EE474B227C4050500861E5C /* Release */,
			);
			defaultConfigurationIsVisible = 0;
			defaultConfigurationName = Release;
		};
/* End XCConfigurationList section */

/* Begin XCRemoteSwiftPackageReference section */
		1E1E5DA727EA366D00BCC00A /* XCRemoteSwiftPackageReference "firebase-ios-sdk" */ = {
			isa = XCRemoteSwiftPackageReference;
			repositoryURL = "https://github.com/firebase/firebase-ios-sdk";
			requirement = {
				branch = master;
				kind = branch;
			};
		};
		1EBD54552888466B0007A77B /* XCRemoteSwiftPackageReference "firebase-ios-sdk" */ = {
			isa = XCRemoteSwiftPackageReference;
			repositoryURL = "https://github.com/firebase/firebase-ios-sdk";
			requirement = {
				branch = master;
				kind = branch;
			};
		};
		1EC528EF27E281DC00650843 /* XCRemoteSwiftPackageReference "firebase-ios-sdk" */ = {
			isa = XCRemoteSwiftPackageReference;
			repositoryURL = "https://github.com/firebase/firebase-ios-sdk";
			requirement = {
				kind = upToNextMajorVersion;
				minimumVersion = 8.0.0;
			};
		};
		1EFE3DA627EA13C90021F8D6 /* XCRemoteSwiftPackageReference "firebase-ios-sdk" */ = {
			isa = XCRemoteSwiftPackageReference;
			repositoryURL = "https://github.com/firebase/firebase-ios-sdk";
			requirement = {
				branch = master;
				kind = branch;
			};
		};
/* End XCRemoteSwiftPackageReference section */

/* Begin XCSwiftPackageProductDependency section */
		1E1E5DA827EA366D00BCC00A /* FirebaseAnalytics */ = {
			isa = XCSwiftPackageProductDependency;
			package = 1EFE3DA627EA13C90021F8D6 /* XCRemoteSwiftPackageReference "firebase-ios-sdk" */;
			productName = FirebaseAnalytics;
		};
		1E1E5DAA27EA366D00BCC00A /* FirebaseAnalyticsSwift-Beta */ = {
			isa = XCSwiftPackageProductDependency;
			package = 1EFE3DA627EA13C90021F8D6 /* XCRemoteSwiftPackageReference "firebase-ios-sdk" */;
			productName = "FirebaseAnalyticsSwift-Beta";
		};
		1E1E5DAC27EA366D00BCC00A /* FirebaseAnalyticsWithoutAdIdSupport */ = {
			isa = XCSwiftPackageProductDependency;
			package = 1EFE3DA627EA13C90021F8D6 /* XCRemoteSwiftPackageReference "firebase-ios-sdk" */;
			productName = FirebaseAnalyticsWithoutAdIdSupport;
		};
		1E1E5DAE27EA366D00BCC00A /* FirebaseAppCheck */ = {
			isa = XCSwiftPackageProductDependency;
			package = 1EFE3DA627EA13C90021F8D6 /* XCRemoteSwiftPackageReference "firebase-ios-sdk" */;
			productName = FirebaseAppCheck;
		};
		1E1E5DB027EA366D00BCC00A /* FirebaseAppDistribution-Beta */ = {
			isa = XCSwiftPackageProductDependency;
			package = 1EFE3DA627EA13C90021F8D6 /* XCRemoteSwiftPackageReference "firebase-ios-sdk" */;
			productName = "FirebaseAppDistribution-Beta";
		};
		1E1E5DB227EA366D00BCC00A /* FirebaseAuth */ = {
			isa = XCSwiftPackageProductDependency;
			package = 1EFE3DA627EA13C90021F8D6 /* XCRemoteSwiftPackageReference "firebase-ios-sdk" */;
			productName = FirebaseAuth;
		};
		1E1E5DB427EA366D00BCC00A /* FirebaseAuthCombine-Community */ = {
			isa = XCSwiftPackageProductDependency;
			package = 1EFE3DA627EA13C90021F8D6 /* XCRemoteSwiftPackageReference "firebase-ios-sdk" */;
			productName = "FirebaseAuthCombine-Community";
		};
		1E1E5DB627EA366D00BCC00A /* FirebaseCrashlytics */ = {
			isa = XCSwiftPackageProductDependency;
			package = 1EFE3DA627EA13C90021F8D6 /* XCRemoteSwiftPackageReference "firebase-ios-sdk" */;
			productName = FirebaseCrashlytics;
		};
		1E1E5DB827EA366D00BCC00A /* FirebaseDatabase */ = {
			isa = XCSwiftPackageProductDependency;
			package = 1EFE3DA627EA13C90021F8D6 /* XCRemoteSwiftPackageReference "firebase-ios-sdk" */;
			productName = FirebaseDatabase;
		};
		1E1E5DBA27EA366D00BCC00A /* FirebaseDatabaseSwift-Beta */ = {
			isa = XCSwiftPackageProductDependency;
			package = 1EFE3DA627EA13C90021F8D6 /* XCRemoteSwiftPackageReference "firebase-ios-sdk" */;
			productName = "FirebaseDatabaseSwift-Beta";
		};
		1E1E5DBC27EA366D00BCC00A /* FirebaseDynamicLinks */ = {
			isa = XCSwiftPackageProductDependency;
			package = 1EFE3DA627EA13C90021F8D6 /* XCRemoteSwiftPackageReference "firebase-ios-sdk" */;
			productName = FirebaseDynamicLinks;
		};
		1E1E5DBE27EA366D00BCC00A /* FirebaseFirestore */ = {
			isa = XCSwiftPackageProductDependency;
			package = 1EFE3DA627EA13C90021F8D6 /* XCRemoteSwiftPackageReference "firebase-ios-sdk" */;
			productName = FirebaseFirestore;
		};
		1E1E5DC027EA366D00BCC00A /* FirebaseFirestoreCombine-Community */ = {
			isa = XCSwiftPackageProductDependency;
			package = 1EFE3DA627EA13C90021F8D6 /* XCRemoteSwiftPackageReference "firebase-ios-sdk" */;
			productName = "FirebaseFirestoreCombine-Community";
		};
		1E1E5DC227EA366D00BCC00A /* FirebaseFirestoreSwift-Beta */ = {
			isa = XCSwiftPackageProductDependency;
			package = 1EFE3DA627EA13C90021F8D6 /* XCRemoteSwiftPackageReference "firebase-ios-sdk" */;
			productName = "FirebaseFirestoreSwift-Beta";
		};
		1E1E5DC427EA366D00BCC00A /* FirebaseFunctions */ = {
			isa = XCSwiftPackageProductDependency;
			package = 1EFE3DA627EA13C90021F8D6 /* XCRemoteSwiftPackageReference "firebase-ios-sdk" */;
			productName = FirebaseFunctions;
		};
		1E1E5DC627EA366D00BCC00A /* FirebaseFunctionsCombine-Community */ = {
			isa = XCSwiftPackageProductDependency;
			package = 1EFE3DA627EA13C90021F8D6 /* XCRemoteSwiftPackageReference "firebase-ios-sdk" */;
			productName = "FirebaseFunctionsCombine-Community";
		};
		1E1E5DC827EA366D00BCC00A /* FirebaseFunctionsSwift-Beta */ = {
			isa = XCSwiftPackageProductDependency;
			package = 1EFE3DA627EA13C90021F8D6 /* XCRemoteSwiftPackageReference "firebase-ios-sdk" */;
			productName = "FirebaseFunctionsSwift-Beta";
		};
		1E1E5DCA27EA366D00BCC00A /* FirebaseInAppMessaging-Beta */ = {
			isa = XCSwiftPackageProductDependency;
			package = 1EFE3DA627EA13C90021F8D6 /* XCRemoteSwiftPackageReference "firebase-ios-sdk" */;
			productName = "FirebaseInAppMessaging-Beta";
		};
		1E1E5DCC27EA366D00BCC00A /* FirebaseInAppMessagingSwift-Beta */ = {
			isa = XCSwiftPackageProductDependency;
			package = 1EFE3DA627EA13C90021F8D6 /* XCRemoteSwiftPackageReference "firebase-ios-sdk" */;
			productName = "FirebaseInAppMessagingSwift-Beta";
		};
		1E1E5DCE27EA366D00BCC00A /* FirebaseInstallations */ = {
			isa = XCSwiftPackageProductDependency;
			package = 1EFE3DA627EA13C90021F8D6 /* XCRemoteSwiftPackageReference "firebase-ios-sdk" */;
			productName = FirebaseInstallations;
		};
		1E1E5DD027EA366D00BCC00A /* FirebaseMLModelDownloader */ = {
			isa = XCSwiftPackageProductDependency;
			package = 1EFE3DA627EA13C90021F8D6 /* XCRemoteSwiftPackageReference "firebase-ios-sdk" */;
			productName = FirebaseMLModelDownloader;
		};
		1E1E5DD227EA366D00BCC00A /* FirebaseMessaging */ = {
			isa = XCSwiftPackageProductDependency;
			package = 1EFE3DA627EA13C90021F8D6 /* XCRemoteSwiftPackageReference "firebase-ios-sdk" */;
			productName = FirebaseMessaging;
		};
		1E1E5DD427EA366D00BCC00A /* FirebasePerformance */ = {
			isa = XCSwiftPackageProductDependency;
			package = 1EFE3DA627EA13C90021F8D6 /* XCRemoteSwiftPackageReference "firebase-ios-sdk" */;
			productName = FirebasePerformance;
		};
		1E1E5DD627EA366D00BCC00A /* FirebaseRemoteConfig */ = {
			isa = XCSwiftPackageProductDependency;
			package = 1EFE3DA627EA13C90021F8D6 /* XCRemoteSwiftPackageReference "firebase-ios-sdk" */;
			productName = FirebaseRemoteConfig;
		};
		1E1E5DD827EA366D00BCC00A /* FirebaseRemoteConfigSwift-Beta */ = {
			isa = XCSwiftPackageProductDependency;
			package = 1EFE3DA627EA13C90021F8D6 /* XCRemoteSwiftPackageReference "firebase-ios-sdk" */;
			productName = "FirebaseRemoteConfigSwift-Beta";
		};
		1E1E5DDA27EA366D00BCC00A /* FirebaseStorage */ = {
			isa = XCSwiftPackageProductDependency;
			package = 1EFE3DA627EA13C90021F8D6 /* XCRemoteSwiftPackageReference "firebase-ios-sdk" */;
			productName = FirebaseStorage;
		};
		1E1E5DDC27EA366D00BCC00A /* FirebaseStorageCombine-Community */ = {
			isa = XCSwiftPackageProductDependency;
			package = 1EFE3DA627EA13C90021F8D6 /* XCRemoteSwiftPackageReference "firebase-ios-sdk" */;
			productName = "FirebaseStorageCombine-Community";
		};
		1E1E5DDE27EA366D00BCC00A /* FirebaseStorageSwift-Beta */ = {
			isa = XCSwiftPackageProductDependency;
			package = 1EFE3DA627EA13C90021F8D6 /* XCRemoteSwiftPackageReference "firebase-ios-sdk" */;
			productName = "FirebaseStorageSwift-Beta";
		};
		1EBD54562888466B0007A77B /* FirebaseAnalytics */ = {
			isa = XCSwiftPackageProductDependency;
			package = 1EFE3DA627EA13C90021F8D6 /* XCRemoteSwiftPackageReference "firebase-ios-sdk" */;
			productName = FirebaseAnalytics;
		};
		1EBD54582888466B0007A77B /* FirebaseAnalyticsSwift-Beta */ = {
			isa = XCSwiftPackageProductDependency;
			package = 1EFE3DA627EA13C90021F8D6 /* XCRemoteSwiftPackageReference "firebase-ios-sdk" */;
			productName = "FirebaseAnalyticsSwift-Beta";
		};
		1EBD545A2888466B0007A77B /* FirebaseAnalyticsWithoutAdIdSupport */ = {
			isa = XCSwiftPackageProductDependency;
			package = 1EFE3DA627EA13C90021F8D6 /* XCRemoteSwiftPackageReference "firebase-ios-sdk" */;
			productName = FirebaseAnalyticsWithoutAdIdSupport;
		};
		1EBD545C2888466B0007A77B /* FirebaseAppCheck */ = {
			isa = XCSwiftPackageProductDependency;
			package = 1EFE3DA627EA13C90021F8D6 /* XCRemoteSwiftPackageReference "firebase-ios-sdk" */;
			productName = FirebaseAppCheck;
		};
		1EBD545E2888466B0007A77B /* FirebaseAppDistribution-Beta */ = {
			isa = XCSwiftPackageProductDependency;
			package = 1EFE3DA627EA13C90021F8D6 /* XCRemoteSwiftPackageReference "firebase-ios-sdk" */;
			productName = "FirebaseAppDistribution-Beta";
		};
		1EBD54602888466B0007A77B /* FirebaseAuth */ = {
			isa = XCSwiftPackageProductDependency;
			package = 1EFE3DA627EA13C90021F8D6 /* XCRemoteSwiftPackageReference "firebase-ios-sdk" */;
			productName = FirebaseAuth;
		};
		1EBD54622888466B0007A77B /* FirebaseAuthCombine-Community */ = {
			isa = XCSwiftPackageProductDependency;
			package = 1EFE3DA627EA13C90021F8D6 /* XCRemoteSwiftPackageReference "firebase-ios-sdk" */;
			productName = "FirebaseAuthCombine-Community";
		};
		1EBD54642888466B0007A77B /* FirebaseCrashlytics */ = {
			isa = XCSwiftPackageProductDependency;
			package = 1EFE3DA627EA13C90021F8D6 /* XCRemoteSwiftPackageReference "firebase-ios-sdk" */;
			productName = FirebaseCrashlytics;
		};
		1EBD54662888466B0007A77B /* FirebaseDatabase */ = {
			isa = XCSwiftPackageProductDependency;
			package = 1EFE3DA627EA13C90021F8D6 /* XCRemoteSwiftPackageReference "firebase-ios-sdk" */;
			productName = FirebaseDatabase;
		};
		1EBD54682888466B0007A77B /* FirebaseDatabaseSwift-Beta */ = {
			isa = XCSwiftPackageProductDependency;
			package = 1EFE3DA627EA13C90021F8D6 /* XCRemoteSwiftPackageReference "firebase-ios-sdk" */;
			productName = "FirebaseDatabaseSwift-Beta";
		};
		1EBD546A2888466B0007A77B /* FirebaseDynamicLinks */ = {
			isa = XCSwiftPackageProductDependency;
			package = 1EFE3DA627EA13C90021F8D6 /* XCRemoteSwiftPackageReference "firebase-ios-sdk" */;
			productName = FirebaseDynamicLinks;
		};
		1EBD546C2888466B0007A77B /* FirebaseFirestore */ = {
			isa = XCSwiftPackageProductDependency;
			package = 1EFE3DA627EA13C90021F8D6 /* XCRemoteSwiftPackageReference "firebase-ios-sdk" */;
			productName = FirebaseFirestore;
		};
		1EBD546E2888466B0007A77B /* FirebaseFirestoreCombine-Community */ = {
			isa = XCSwiftPackageProductDependency;
			package = 1EFE3DA627EA13C90021F8D6 /* XCRemoteSwiftPackageReference "firebase-ios-sdk" */;
			productName = "FirebaseFirestoreCombine-Community";
		};
		1EBD54702888466B0007A77B /* FirebaseFirestoreSwift-Beta */ = {
			isa = XCSwiftPackageProductDependency;
			package = 1EFE3DA627EA13C90021F8D6 /* XCRemoteSwiftPackageReference "firebase-ios-sdk" */;
			productName = "FirebaseFirestoreSwift-Beta";
		};
		1EBD54722888466B0007A77B /* FirebaseFunctions */ = {
			isa = XCSwiftPackageProductDependency;
			package = 1EFE3DA627EA13C90021F8D6 /* XCRemoteSwiftPackageReference "firebase-ios-sdk" */;
			productName = FirebaseFunctions;
		};
		1EBD54742888466B0007A77B /* FirebaseFunctionsCombine-Community */ = {
			isa = XCSwiftPackageProductDependency;
			package = 1EFE3DA627EA13C90021F8D6 /* XCRemoteSwiftPackageReference "firebase-ios-sdk" */;
			productName = "FirebaseFunctionsCombine-Community";
		};
		1EBD54762888466B0007A77B /* FirebaseFunctionsSwift-Beta */ = {
			isa = XCSwiftPackageProductDependency;
			package = 1EFE3DA627EA13C90021F8D6 /* XCRemoteSwiftPackageReference "firebase-ios-sdk" */;
			productName = "FirebaseFunctionsSwift-Beta";
		};
		1EBD54782888466B0007A77B /* FirebaseInAppMessaging-Beta */ = {
			isa = XCSwiftPackageProductDependency;
			package = 1EFE3DA627EA13C90021F8D6 /* XCRemoteSwiftPackageReference "firebase-ios-sdk" */;
			productName = "FirebaseInAppMessaging-Beta";
		};
		1EBD547A2888466B0007A77B /* FirebaseInAppMessagingSwift-Beta */ = {
			isa = XCSwiftPackageProductDependency;
			package = 1EFE3DA627EA13C90021F8D6 /* XCRemoteSwiftPackageReference "firebase-ios-sdk" */;
			productName = "FirebaseInAppMessagingSwift-Beta";
		};
		1EBD547C2888466B0007A77B /* FirebaseInstallations */ = {
			isa = XCSwiftPackageProductDependency;
			package = 1EFE3DA627EA13C90021F8D6 /* XCRemoteSwiftPackageReference "firebase-ios-sdk" */;
			productName = FirebaseInstallations;
		};
		1EBD547E2888466B0007A77B /* FirebaseMLModelDownloader */ = {
			isa = XCSwiftPackageProductDependency;
			package = 1EFE3DA627EA13C90021F8D6 /* XCRemoteSwiftPackageReference "firebase-ios-sdk" */;
			productName = FirebaseMLModelDownloader;
		};
		1EBD54802888466B0007A77B /* FirebaseMessaging */ = {
			isa = XCSwiftPackageProductDependency;
			package = 1EFE3DA627EA13C90021F8D6 /* XCRemoteSwiftPackageReference "firebase-ios-sdk" */;
			productName = FirebaseMessaging;
		};
		1EBD54822888466B0007A77B /* FirebasePerformance */ = {
			isa = XCSwiftPackageProductDependency;
			package = 1EFE3DA627EA13C90021F8D6 /* XCRemoteSwiftPackageReference "firebase-ios-sdk" */;
			productName = FirebasePerformance;
		};
		1EBD54842888466B0007A77B /* FirebaseRemoteConfig */ = {
			isa = XCSwiftPackageProductDependency;
			package = 1EFE3DA627EA13C90021F8D6 /* XCRemoteSwiftPackageReference "firebase-ios-sdk" */;
			productName = FirebaseRemoteConfig;
		};
		1EBD54862888466B0007A77B /* FirebaseRemoteConfigSwift-Beta */ = {
			isa = XCSwiftPackageProductDependency;
			package = 1EFE3DA627EA13C90021F8D6 /* XCRemoteSwiftPackageReference "firebase-ios-sdk" */;
			productName = "FirebaseRemoteConfigSwift-Beta";
		};
		1EBD54882888466B0007A77B /* FirebaseStorage */ = {
			isa = XCSwiftPackageProductDependency;
			package = 1EFE3DA627EA13C90021F8D6 /* XCRemoteSwiftPackageReference "firebase-ios-sdk" */;
			productName = FirebaseStorage;
		};
		1EBD548A2888466B0007A77B /* FirebaseStorageCombine-Community */ = {
			isa = XCSwiftPackageProductDependency;
			package = 1EFE3DA627EA13C90021F8D6 /* XCRemoteSwiftPackageReference "firebase-ios-sdk" */;
			productName = "FirebaseStorageCombine-Community";
		};
		1EBD548C2888466B0007A77B /* FirebaseStorageSwift-Beta */ = {
			isa = XCSwiftPackageProductDependency;
			package = 1EFE3DA627EA13C90021F8D6 /* XCRemoteSwiftPackageReference "firebase-ios-sdk" */;
			productName = "FirebaseStorageSwift-Beta";
		};
		1EC528F027E281DC00650843 /* FirebaseAnalytics */ = {
			isa = XCSwiftPackageProductDependency;
			package = 1EC528EF27E281DC00650843 /* XCRemoteSwiftPackageReference "firebase-ios-sdk" */;
			productName = FirebaseAnalytics;
		};
		1EC528F227E281DC00650843 /* FirebaseAnalyticsSwift-Beta */ = {
			isa = XCSwiftPackageProductDependency;
			package = 1EC528EF27E281DC00650843 /* XCRemoteSwiftPackageReference "firebase-ios-sdk" */;
			productName = "FirebaseAnalyticsSwift-Beta";
		};
		1EC528F427E281DC00650843 /* FirebaseAnalyticsWithoutAdIdSupport */ = {
			isa = XCSwiftPackageProductDependency;
			package = 1EC528EF27E281DC00650843 /* XCRemoteSwiftPackageReference "firebase-ios-sdk" */;
			productName = FirebaseAnalyticsWithoutAdIdSupport;
		};
		1EC528F627E281DC00650843 /* FirebaseAppCheck */ = {
			isa = XCSwiftPackageProductDependency;
			package = 1EC528EF27E281DC00650843 /* XCRemoteSwiftPackageReference "firebase-ios-sdk" */;
			productName = FirebaseAppCheck;
		};
		1EC528F827E281DC00650843 /* FirebaseAppDistribution-Beta */ = {
			isa = XCSwiftPackageProductDependency;
			package = 1EC528EF27E281DC00650843 /* XCRemoteSwiftPackageReference "firebase-ios-sdk" */;
			productName = "FirebaseAppDistribution-Beta";
		};
		1EC528FA27E281DC00650843 /* FirebaseAuth */ = {
			isa = XCSwiftPackageProductDependency;
			package = 1EC528EF27E281DC00650843 /* XCRemoteSwiftPackageReference "firebase-ios-sdk" */;
			productName = FirebaseAuth;
		};
		1EC528FC27E281DC00650843 /* FirebaseAuthCombine-Community */ = {
			isa = XCSwiftPackageProductDependency;
			package = 1EC528EF27E281DC00650843 /* XCRemoteSwiftPackageReference "firebase-ios-sdk" */;
			productName = "FirebaseAuthCombine-Community";
		};
		1EC528FE27E281DC00650843 /* FirebaseCrashlytics */ = {
			isa = XCSwiftPackageProductDependency;
			package = 1EC528EF27E281DC00650843 /* XCRemoteSwiftPackageReference "firebase-ios-sdk" */;
			productName = FirebaseCrashlytics;
		};
		1EC5290027E281DC00650843 /* FirebaseDatabase */ = {
			isa = XCSwiftPackageProductDependency;
			package = 1EC528EF27E281DC00650843 /* XCRemoteSwiftPackageReference "firebase-ios-sdk" */;
			productName = FirebaseDatabase;
		};
		1EC5290227E281DC00650843 /* FirebaseDatabaseSwift-Beta */ = {
			isa = XCSwiftPackageProductDependency;
			package = 1EC528EF27E281DC00650843 /* XCRemoteSwiftPackageReference "firebase-ios-sdk" */;
			productName = "FirebaseDatabaseSwift-Beta";
		};
		1EC5290427E281DC00650843 /* FirebaseDynamicLinks */ = {
			isa = XCSwiftPackageProductDependency;
			package = 1EC528EF27E281DC00650843 /* XCRemoteSwiftPackageReference "firebase-ios-sdk" */;
			productName = FirebaseDynamicLinks;
		};
		1EC5290627E281DC00650843 /* FirebaseFirestore */ = {
			isa = XCSwiftPackageProductDependency;
			package = 1EC528EF27E281DC00650843 /* XCRemoteSwiftPackageReference "firebase-ios-sdk" */;
			productName = FirebaseFirestore;
		};
		1EC5290827E281DC00650843 /* FirebaseFirestoreCombine-Community */ = {
			isa = XCSwiftPackageProductDependency;
			package = 1EC528EF27E281DC00650843 /* XCRemoteSwiftPackageReference "firebase-ios-sdk" */;
			productName = "FirebaseFirestoreCombine-Community";
		};
		1EC5290A27E281DC00650843 /* FirebaseFirestoreSwift-Beta */ = {
			isa = XCSwiftPackageProductDependency;
			package = 1EC528EF27E281DC00650843 /* XCRemoteSwiftPackageReference "firebase-ios-sdk" */;
			productName = "FirebaseFirestoreSwift-Beta";
		};
		1EC5290C27E281DC00650843 /* FirebaseFunctions */ = {
			isa = XCSwiftPackageProductDependency;
			package = 1EC528EF27E281DC00650843 /* XCRemoteSwiftPackageReference "firebase-ios-sdk" */;
			productName = FirebaseFunctions;
		};
		1EC5290E27E281DC00650843 /* FirebaseFunctionsCombine-Community */ = {
			isa = XCSwiftPackageProductDependency;
			package = 1EC528EF27E281DC00650843 /* XCRemoteSwiftPackageReference "firebase-ios-sdk" */;
			productName = "FirebaseFunctionsCombine-Community";
		};
		1EC5291027E281DC00650843 /* FirebaseFunctionsSwift-Beta */ = {
			isa = XCSwiftPackageProductDependency;
			package = 1EC528EF27E281DC00650843 /* XCRemoteSwiftPackageReference "firebase-ios-sdk" */;
			productName = "FirebaseFunctionsSwift-Beta";
		};
		1EC5291227E281DC00650843 /* FirebaseInAppMessaging-Beta */ = {
			isa = XCSwiftPackageProductDependency;
			package = 1EC528EF27E281DC00650843 /* XCRemoteSwiftPackageReference "firebase-ios-sdk" */;
			productName = "FirebaseInAppMessaging-Beta";
		};
		1EC5291427E281DC00650843 /* FirebaseInAppMessagingSwift-Beta */ = {
			isa = XCSwiftPackageProductDependency;
			package = 1EC528EF27E281DC00650843 /* XCRemoteSwiftPackageReference "firebase-ios-sdk" */;
			productName = "FirebaseInAppMessagingSwift-Beta";
		};
		1EC5291627E281DC00650843 /* FirebaseInstallations */ = {
			isa = XCSwiftPackageProductDependency;
			package = 1EC528EF27E281DC00650843 /* XCRemoteSwiftPackageReference "firebase-ios-sdk" */;
			productName = FirebaseInstallations;
		};
		1EC5291827E281DC00650843 /* FirebaseMLModelDownloader */ = {
			isa = XCSwiftPackageProductDependency;
			package = 1EC528EF27E281DC00650843 /* XCRemoteSwiftPackageReference "firebase-ios-sdk" */;
			productName = FirebaseMLModelDownloader;
		};
		1EC5291A27E281DC00650843 /* FirebaseMessaging */ = {
			isa = XCSwiftPackageProductDependency;
			package = 1EC528EF27E281DC00650843 /* XCRemoteSwiftPackageReference "firebase-ios-sdk" */;
			productName = FirebaseMessaging;
		};
		1EC5291C27E281DC00650843 /* FirebasePerformance */ = {
			isa = XCSwiftPackageProductDependency;
			package = 1EC528EF27E281DC00650843 /* XCRemoteSwiftPackageReference "firebase-ios-sdk" */;
			productName = FirebasePerformance;
		};
		1EC5291E27E281DC00650843 /* FirebaseRemoteConfig */ = {
			isa = XCSwiftPackageProductDependency;
			package = 1EC528EF27E281DC00650843 /* XCRemoteSwiftPackageReference "firebase-ios-sdk" */;
			productName = FirebaseRemoteConfig;
		};
		1EC5292027E281DC00650843 /* FirebaseRemoteConfigSwift-Beta */ = {
			isa = XCSwiftPackageProductDependency;
			package = 1EC528EF27E281DC00650843 /* XCRemoteSwiftPackageReference "firebase-ios-sdk" */;
			productName = "FirebaseRemoteConfigSwift-Beta";
		};
		1EC5292227E281DC00650843 /* FirebaseStorage */ = {
			isa = XCSwiftPackageProductDependency;
			package = 1EC528EF27E281DC00650843 /* XCRemoteSwiftPackageReference "firebase-ios-sdk" */;
			productName = FirebaseStorage;
		};
		1EC5292427E281DC00650843 /* FirebaseStorageCombine-Community */ = {
			isa = XCSwiftPackageProductDependency;
			package = 1EC528EF27E281DC00650843 /* XCRemoteSwiftPackageReference "firebase-ios-sdk" */;
			productName = "FirebaseStorageCombine-Community";
		};
		1EC5292627E281DC00650843 /* FirebaseStorageSwift-Beta */ = {
			isa = XCSwiftPackageProductDependency;
			package = 1EC528EF27E281DC00650843 /* XCRemoteSwiftPackageReference "firebase-ios-sdk" */;
			productName = "FirebaseStorageSwift-Beta";
		};
/* End XCSwiftPackageProductDependency section */
	};
	rootObject = 1EE4749A27C4050100861E5C /* Project object */;
}
