// !$*UTF8*$!
{
	archiveVersion = 1;
	classes = {
	};
	objectVersion = 55;
	objects = {

/* Begin PBXBuildFile section */
		1E0462D929214B2600F60389 /* LocationViewModel.swift in Sources */ = {isa = PBXBuildFile; fileRef = 1E0462D829214B2600F60389 /* LocationViewModel.swift */; };
		1E0462DB29215B6500F60389 /* DrLocationView.swift in Sources */ = {isa = PBXBuildFile; fileRef = 1E0462DA29215B6500F60389 /* DrLocationView.swift */; };
		1E0462DD29216D0400F60389 /* SocialMediaFooterView.swift in Sources */ = {isa = PBXBuildFile; fileRef = 1E0462DC29216D0400F60389 /* SocialMediaFooterView.swift */; };
		1E0462DF29216D5400F60389 /* CollapsibleRowView.swift in Sources */ = {isa = PBXBuildFile; fileRef = 1E0462DE29216D5400F60389 /* CollapsibleRowView.swift */; };
		1E0462E129216DBA00F60389 /* FABView.swift in Sources */ = {isa = PBXBuildFile; fileRef = 1E0462E029216DBA00F60389 /* FABView.swift */; };
		1E0462E329216E1900F60389 /* CollapsibleView.swift in Sources */ = {isa = PBXBuildFile; fileRef = 1E0462E229216E1900F60389 /* CollapsibleView.swift */; };
		1E0462E529216E3900F60389 /* PricePillView.swift in Sources */ = {isa = PBXBuildFile; fileRef = 1E0462E429216E3900F60389 /* PricePillView.swift */; };
		1E0462E729216E5E00F60389 /* ProgressBarView.swift in Sources */ = {isa = PBXBuildFile; fileRef = 1E0462E629216E5E00F60389 /* ProgressBarView.swift */; };
		1E0462F1292A8D1200F60389 /* AddContactView.swift in Sources */ = {isa = PBXBuildFile; fileRef = 1E0462F0292A8D1200F60389 /* AddContactView.swift */; };
		1E1E5DE127ECF79800BCC00A /* RatesModel.swift in Sources */ = {isa = PBXBuildFile; fileRef = 1E1E5DE027ECF79800BCC00A /* RatesModel.swift */; };
		1E1E5DE327ECF8F800BCC00A /* RatesViewModel.swift in Sources */ = {isa = PBXBuildFile; fileRef = 1E1E5DE227ECF8F800BCC00A /* RatesViewModel.swift */; };
		1E1E5DE527EF765100BCC00A /* ErrorView.swift in Sources */ = {isa = PBXBuildFile; fileRef = 1E1E5DE427EF765000BCC00A /* ErrorView.swift */; };
		1E1E5DEC27F23B2300BCC00A /* TrackViewModel.swift in Sources */ = {isa = PBXBuildFile; fileRef = 1E1E5DEB27F23B2300BCC00A /* TrackViewModel.swift */; };
		1E2E552527DFA66800F25C10 /* TrackView.swift in Sources */ = {isa = PBXBuildFile; fileRef = 1E2E552427DFA66800F25C10 /* TrackView.swift */; };
		1E2E552827DFC22D00F25C10 /* Localizable.strings in Resources */ = {isa = PBXBuildFile; fileRef = 1E2E552A27DFC22D00F25C10 /* Localizable.strings */; };
		1E42DBAC2AC763BE00A4120B /* SocialMediaButton.swift in Sources */ = {isa = PBXBuildFile; fileRef = 1E42DBAB2AC763BE00A4120B /* SocialMediaButton.swift */; };
		1E5D405829DC8198005566DD /* Auth.swift in Sources */ = {isa = PBXBuildFile; fileRef = 1E5D405729DC8198005566DD /* Auth.swift */; };
		1E5D405A29DE0E69005566DD /* FirebaseErrorModel.swift in Sources */ = {isa = PBXBuildFile; fileRef = 1E5D405929DE0E69005566DD /* FirebaseErrorModel.swift */; };
		1E6061C02AF044FB0079385A /* FirebaseAppCheck in Frameworks */ = {isa = PBXBuildFile; productRef = 1E6061BF2AF044FB0079385A /* FirebaseAppCheck */; };
		1E6061C22AF044FB0079385A /* FirebaseAuth in Frameworks */ = {isa = PBXBuildFile; productRef = 1E6061C12AF044FB0079385A /* FirebaseAuth */; };
		1E6061C42AF044FB0079385A /* FirebaseFirestore in Frameworks */ = {isa = PBXBuildFile; productRef = 1E6061C32AF044FB0079385A /* FirebaseFirestore */; };
		1E6E551528995D4600ADA8F4 /* SplashScreenView.swift in Sources */ = {isa = PBXBuildFile; fileRef = 1E6E551428995D4600ADA8F4 /* SplashScreenView.swift */; };
		1E6E5517289962E200ADA8F4 /* Fonts.swift in Sources */ = {isa = PBXBuildFile; fileRef = 1E6E5516289962E200ADA8F4 /* Fonts.swift */; };
		1E7413DD2A30DC2F0094F064 /* Notif.swift in Sources */ = {isa = PBXBuildFile; fileRef = 1E7413DC2A30DC2F0094F064 /* Notif.swift */; };
		1EBD54522885A21F0007A77B /* TrackModel.swift in Sources */ = {isa = PBXBuildFile; fileRef = 1EBD54512885A21F0007A77B /* TrackModel.swift */; };
		1EBD5454288701DE0007A77B /* GoogleService-Info.plist in Resources */ = {isa = PBXBuildFile; fileRef = 1EBD5453288701DE0007A77B /* GoogleService-Info.plist */; };
		1EE474A627C4050100861E5C /* EmbarqueTenaresSwiftUIApp.swift in Sources */ = {isa = PBXBuildFile; fileRef = 1EE474A527C4050100861E5C /* EmbarqueTenaresSwiftUIApp.swift */; };
		1EE474A827C4050100861E5C /* MainView.swift in Sources */ = {isa = PBXBuildFile; fileRef = 1EE474A727C4050100861E5C /* MainView.swift */; };
		1EE474AA27C4050500861E5C /* Assets.xcassets in Resources */ = {isa = PBXBuildFile; fileRef = 1EE474A927C4050500861E5C /* Assets.xcassets */; };
		1EE474AD27C4050500861E5C /* Preview Assets.xcassets in Resources */ = {isa = PBXBuildFile; fileRef = 1EE474AC27C4050500861E5C /* Preview Assets.xcassets */; };
		1EE474B827C4081000861E5C /* RatesView.swift in Sources */ = {isa = PBXBuildFile; fileRef = 1EE474B727C4081000861E5C /* RatesView.swift */; };
		1EE474BA27C4082100861E5C /* FAQsView.swift in Sources */ = {isa = PBXBuildFile; fileRef = 1EE474B927C4082100861E5C /* FAQsView.swift */; };
		1EE474BC27C4082E00861E5C /* LocationsView.swift in Sources */ = {isa = PBXBuildFile; fileRef = 1EE474BB27C4082E00861E5C /* LocationsView.swift */; };
		1EE474BE27C40FEF00861E5C /* NewYorkLocationView.swift in Sources */ = {isa = PBXBuildFile; fileRef = 1EE474BD27C40FEF00861E5C /* NewYorkLocationView.swift */; };
		1EE474C227C41EBE00861E5C /* Color.swift in Sources */ = {isa = PBXBuildFile; fileRef = 1EE474C127C41EBE00861E5C /* Color.swift */; };
		1EFE3DA127E8F2ED0021F8D6 /* FAQsViewModel.swift in Sources */ = {isa = PBXBuildFile; fileRef = 1EFE3DA027E8F2ED0021F8D6 /* FAQsViewModel.swift */; };
		1EFE3DA327E8FC750021F8D6 /* FAQsModel.swift in Sources */ = {isa = PBXBuildFile; fileRef = 1EFE3DA227E8FC750021F8D6 /* FAQsModel.swift */; };
/* End PBXBuildFile section */

/* Begin PBXFileReference section */
		1E0462D829214B2600F60389 /* LocationViewModel.swift */ = {isa = PBXFileReference; lastKnownFileType = sourcecode.swift; path = LocationViewModel.swift; sourceTree = "<group>"; };
		1E0462DA29215B6500F60389 /* DrLocationView.swift */ = {isa = PBXFileReference; lastKnownFileType = sourcecode.swift; path = DrLocationView.swift; sourceTree = "<group>"; };
		1E0462DC29216D0400F60389 /* SocialMediaFooterView.swift */ = {isa = PBXFileReference; lastKnownFileType = sourcecode.swift; path = SocialMediaFooterView.swift; sourceTree = "<group>"; };
		1E0462DE29216D5400F60389 /* CollapsibleRowView.swift */ = {isa = PBXFileReference; lastKnownFileType = sourcecode.swift; path = CollapsibleRowView.swift; sourceTree = "<group>"; };
		1E0462E029216DBA00F60389 /* FABView.swift */ = {isa = PBXFileReference; lastKnownFileType = sourcecode.swift; path = FABView.swift; sourceTree = "<group>"; };
		1E0462E229216E1900F60389 /* CollapsibleView.swift */ = {isa = PBXFileReference; lastKnownFileType = sourcecode.swift; path = CollapsibleView.swift; sourceTree = "<group>"; };
		1E0462E429216E3900F60389 /* PricePillView.swift */ = {isa = PBXFileReference; lastKnownFileType = sourcecode.swift; path = PricePillView.swift; sourceTree = "<group>"; };
		1E0462E629216E5E00F60389 /* ProgressBarView.swift */ = {isa = PBXFileReference; lastKnownFileType = sourcecode.swift; path = ProgressBarView.swift; sourceTree = "<group>"; };
		1E0462EC2927F5EA00F60389 /* Tenares Shipping.entitlements */ = {isa = PBXFileReference; lastKnownFileType = text.plist.entitlements; path = "Tenares Shipping.entitlements"; sourceTree = "<group>"; };
		1E0462F0292A8D1200F60389 /* AddContactView.swift */ = {isa = PBXFileReference; lastKnownFileType = sourcecode.swift; path = AddContactView.swift; sourceTree = "<group>"; };
		1E1E5DE027ECF79800BCC00A /* RatesModel.swift */ = {isa = PBXFileReference; lastKnownFileType = sourcecode.swift; path = RatesModel.swift; sourceTree = "<group>"; };
		1E1E5DE227ECF8F800BCC00A /* RatesViewModel.swift */ = {isa = PBXFileReference; lastKnownFileType = sourcecode.swift; path = RatesViewModel.swift; sourceTree = "<group>"; };
		1E1E5DE427EF765000BCC00A /* ErrorView.swift */ = {isa = PBXFileReference; lastKnownFileType = sourcecode.swift; path = ErrorView.swift; sourceTree = "<group>"; };
		1E1E5DEB27F23B2300BCC00A /* TrackViewModel.swift */ = {isa = PBXFileReference; lastKnownFileType = sourcecode.swift; path = TrackViewModel.swift; sourceTree = "<group>"; };
		1E2E552327DBB4A200F25C10 /* Info.plist */ = {isa = PBXFileReference; lastKnownFileType = text.plist; path = Info.plist; sourceTree = "<group>"; };
		1E2E552427DFA66800F25C10 /* TrackView.swift */ = {isa = PBXFileReference; lastKnownFileType = sourcecode.swift; path = TrackView.swift; sourceTree = "<group>"; };
		1E2E552927DFC22D00F25C10 /* en */ = {isa = PBXFileReference; lastKnownFileType = text.plist.strings; name = en; path = en.lproj/Localizable.strings; sourceTree = "<group>"; };
		1E2E552B27DFC22F00F25C10 /* es */ = {isa = PBXFileReference; lastKnownFileType = text.plist.strings; name = es; path = es.lproj/Localizable.strings; sourceTree = "<group>"; };
		1E42DBAB2AC763BE00A4120B /* SocialMediaButton.swift */ = {isa = PBXFileReference; lastKnownFileType = sourcecode.swift; path = SocialMediaButton.swift; sourceTree = "<group>"; };
		1E5D405729DC8198005566DD /* Auth.swift */ = {isa = PBXFileReference; lastKnownFileType = sourcecode.swift; path = Auth.swift; sourceTree = "<group>"; };
		1E5D405929DE0E69005566DD /* FirebaseErrorModel.swift */ = {isa = PBXFileReference; lastKnownFileType = sourcecode.swift; path = FirebaseErrorModel.swift; sourceTree = "<group>"; };
		1E6E551428995D4600ADA8F4 /* SplashScreenView.swift */ = {isa = PBXFileReference; lastKnownFileType = sourcecode.swift; path = SplashScreenView.swift; sourceTree = "<group>"; };
		1E6E5516289962E200ADA8F4 /* Fonts.swift */ = {isa = PBXFileReference; lastKnownFileType = sourcecode.swift; path = Fonts.swift; sourceTree = "<group>"; };
		1E7413DC2A30DC2F0094F064 /* Notif.swift */ = {isa = PBXFileReference; lastKnownFileType = sourcecode.swift; path = Notif.swift; sourceTree = "<group>"; };
		1EBD54512885A21F0007A77B /* TrackModel.swift */ = {isa = PBXFileReference; lastKnownFileType = sourcecode.swift; path = TrackModel.swift; sourceTree = "<group>"; };
		1EBD5453288701DE0007A77B /* GoogleService-Info.plist */ = {isa = PBXFileReference; fileEncoding = 4; lastKnownFileType = text.plist.xml; path = "GoogleService-Info.plist"; sourceTree = "<group>"; };
		1EE474A227C4050100861E5C /* Tenares Shipping.app */ = {isa = PBXFileReference; explicitFileType = wrapper.application; includeInIndex = 0; path = "Tenares Shipping.app"; sourceTree = BUILT_PRODUCTS_DIR; };
		1EE474A527C4050100861E5C /* EmbarqueTenaresSwiftUIApp.swift */ = {isa = PBXFileReference; lastKnownFileType = sourcecode.swift; path = EmbarqueTenaresSwiftUIApp.swift; sourceTree = "<group>"; };
		1EE474A727C4050100861E5C /* MainView.swift */ = {isa = PBXFileReference; lastKnownFileType = sourcecode.swift; path = MainView.swift; sourceTree = "<group>"; };
		1EE474A927C4050500861E5C /* Assets.xcassets */ = {isa = PBXFileReference; lastKnownFileType = folder.assetcatalog; path = Assets.xcassets; sourceTree = "<group>"; };
		1EE474AC27C4050500861E5C /* Preview Assets.xcassets */ = {isa = PBXFileReference; lastKnownFileType = folder.assetcatalog; path = "Preview Assets.xcassets"; sourceTree = "<group>"; };
		1EE474B727C4081000861E5C /* RatesView.swift */ = {isa = PBXFileReference; lastKnownFileType = sourcecode.swift; path = RatesView.swift; sourceTree = "<group>"; };
		1EE474B927C4082100861E5C /* FAQsView.swift */ = {isa = PBXFileReference; lastKnownFileType = sourcecode.swift; path = FAQsView.swift; sourceTree = "<group>"; };
		1EE474BB27C4082E00861E5C /* LocationsView.swift */ = {isa = PBXFileReference; lastKnownFileType = sourcecode.swift; path = LocationsView.swift; sourceTree = "<group>"; };
		1EE474BD27C40FEF00861E5C /* NewYorkLocationView.swift */ = {isa = PBXFileReference; lastKnownFileType = sourcecode.swift; path = NewYorkLocationView.swift; sourceTree = "<group>"; };
		1EE474C127C41EBE00861E5C /* Color.swift */ = {isa = PBXFileReference; lastKnownFileType = sourcecode.swift; path = Color.swift; sourceTree = "<group>"; };
		1EFE3DA027E8F2ED0021F8D6 /* FAQsViewModel.swift */ = {isa = PBXFileReference; lastKnownFileType = sourcecode.swift; path = FAQsViewModel.swift; sourceTree = "<group>"; };
		1EFE3DA227E8FC750021F8D6 /* FAQsModel.swift */ = {isa = PBXFileReference; lastKnownFileType = sourcecode.swift; path = FAQsModel.swift; sourceTree = "<group>"; };
/* End PBXFileReference section */

/* Begin PBXFrameworksBuildPhase section */
		1EE4749F27C4050100861E5C /* Frameworks */ = {
			isa = PBXFrameworksBuildPhase;
			buildActionMask = 2147483647;
			files = (
				1E6061C02AF044FB0079385A /* FirebaseAppCheck in Frameworks */,
				1E6061C22AF044FB0079385A /* FirebaseAuth in Frameworks */,
				1E6061C42AF044FB0079385A /* FirebaseFirestore in Frameworks */,
			);
			runOnlyForDeploymentPostprocessing = 0;
		};
/* End PBXFrameworksBuildPhase section */

/* Begin PBXGroup section */
		1E5D405629DC8188005566DD /* Service */ = {
			isa = PBXGroup;
			children = (
				1E5D405729DC8198005566DD /* Auth.swift */,
				1E7413DC2A30DC2F0094F064 /* Notif.swift */,
			);
			path = Service;
			sourceTree = "<group>";
		};
		1EE4749927C4050100861E5C = {
			isa = PBXGroup;
			children = (
				1E0462EC2927F5EA00F60389 /* Tenares Shipping.entitlements */,
				1EE474A427C4050100861E5C /* EmbarqueTenaresSwiftUI */,
				1EE474A327C4050100861E5C /* Products */,
			);
			sourceTree = "<group>";
		};
		1EE474A327C4050100861E5C /* Products */ = {
			isa = PBXGroup;
			children = (
				1EE474A227C4050100861E5C /* Tenares Shipping.app */,
			);
			name = Products;
			sourceTree = "<group>";
		};
		1EE474A427C4050100861E5C /* EmbarqueTenaresSwiftUI */ = {
			isa = PBXGroup;
			children = (
				1E5D405629DC8188005566DD /* Service */,
				1EFE3D9F27E8E3270021F8D6 /* View */,
				1EFE3D9E27E8E3230021F8D6 /* ViewModel */,
				1EFE3D9D27E8E31E0021F8D6 /* Model */,
				1E2E552327DBB4A200F25C10 /* Info.plist */,
				1EBD5453288701DE0007A77B /* GoogleService-Info.plist */,
				1E2E552A27DFC22D00F25C10 /* Localizable.strings */,
				1EE474A527C4050100861E5C /* EmbarqueTenaresSwiftUIApp.swift */,
				1EE474C127C41EBE00861E5C /* Color.swift */,
				1EE474A927C4050500861E5C /* Assets.xcassets */,
				1EE474AB27C4050500861E5C /* Preview Content */,
			);
			path = EmbarqueTenaresSwiftUI;
			sourceTree = "<group>";
		};
		1EE474AB27C4050500861E5C /* Preview Content */ = {
			isa = PBXGroup;
			children = (
				1EE474AC27C4050500861E5C /* Preview Assets.xcassets */,
			);
			path = "Preview Content";
			sourceTree = "<group>";
		};
		1EFE3D9D27E8E31E0021F8D6 /* Model */ = {
			isa = PBXGroup;
			children = (
				1EFE3DA227E8FC750021F8D6 /* FAQsModel.swift */,
				1E1E5DE027ECF79800BCC00A /* RatesModel.swift */,
				1EBD54512885A21F0007A77B /* TrackModel.swift */,
				1E6E5516289962E200ADA8F4 /* Fonts.swift */,
				1E5D405929DE0E69005566DD /* FirebaseErrorModel.swift */,
			);
			path = Model;
			sourceTree = "<group>";
		};
		1EFE3D9E27E8E3230021F8D6 /* ViewModel */ = {
			isa = PBXGroup;
			children = (
				1E1E5DE227ECF8F800BCC00A /* RatesViewModel.swift */,
				1EFE3DA027E8F2ED0021F8D6 /* FAQsViewModel.swift */,
				1E1E5DEB27F23B2300BCC00A /* TrackViewModel.swift */,
				1E0462D829214B2600F60389 /* LocationViewModel.swift */,
			);
			path = ViewModel;
			sourceTree = "<group>";
		};
		1EFE3D9F27E8E3270021F8D6 /* View */ = {
			isa = PBXGroup;
			children = (
				1EE474A727C4050100861E5C /* MainView.swift */,
				1E42DBAB2AC763BE00A4120B /* SocialMediaButton.swift */,
				1E2E552427DFA66800F25C10 /* TrackView.swift */,
				1EE474B727C4081000861E5C /* RatesView.swift */,
				1EE474B927C4082100861E5C /* FAQsView.swift */,
				1EE474BB27C4082E00861E5C /* LocationsView.swift */,
				1EE474BD27C40FEF00861E5C /* NewYorkLocationView.swift */,
				1E1E5DE427EF765000BCC00A /* ErrorView.swift */,
				1E6E551428995D4600ADA8F4 /* SplashScreenView.swift */,
				1E0462DA29215B6500F60389 /* DrLocationView.swift */,
				1E0462DC29216D0400F60389 /* SocialMediaFooterView.swift */,
				1E0462DE29216D5400F60389 /* CollapsibleRowView.swift */,
				1E0462E029216DBA00F60389 /* FABView.swift */,
				1E0462E229216E1900F60389 /* CollapsibleView.swift */,
				1E0462E429216E3900F60389 /* PricePillView.swift */,
				1E0462E629216E5E00F60389 /* ProgressBarView.swift */,
				1E0462F0292A8D1200F60389 /* AddContactView.swift */,
			);
			path = View;
			sourceTree = "<group>";
		};
/* End PBXGroup section */

/* Begin PBXNativeTarget section */
		1EE474A127C4050100861E5C /* Tenares Shipping */ = {
			isa = PBXNativeTarget;
			buildConfigurationList = 1EE474B027C4050500861E5C /* Build configuration list for PBXNativeTarget "Tenares Shipping" */;
			buildPhases = (
				1EE4749E27C4050100861E5C /* Sources */,
				1EE4749F27C4050100861E5C /* Frameworks */,
				1EE474A027C4050100861E5C /* Resources */,
			);
			buildRules = (
			);
			dependencies = (
			);
			name = "Tenares Shipping";
			packageProductDependencies = (
				1E6061BF2AF044FB0079385A /* FirebaseAppCheck */,
				1E6061C12AF044FB0079385A /* FirebaseAuth */,
				1E6061C32AF044FB0079385A /* FirebaseFirestore */,
			);
			productName = EmbarqueTenaresSwiftUI;
			productReference = 1EE474A227C4050100861E5C /* Tenares Shipping.app */;
			productType = "com.apple.product-type.application";
		};
/* End PBXNativeTarget section */

/* Begin PBXProject section */
		1EE4749A27C4050100861E5C /* Project object */ = {
			isa = PBXProject;
			attributes = {
				BuildIndependentTargetsInParallel = 1;
				LastSwiftUpdateCheck = 1320;
				LastUpgradeCheck = 1330;
				TargetAttributes = {
					1EE474A127C4050100861E5C = {
						CreatedOnToolsVersion = 13.2.1;
					};
				};
			};
			buildConfigurationList = 1EE4749D27C4050100861E5C /* Build configuration list for PBXProject "Tenares Shipping" */;
			compatibilityVersion = "Xcode 13.0";
			developmentRegion = en;
			hasScannedForEncodings = 0;
			knownRegions = (
				en,
				Base,
				es,
			);
			mainGroup = 1EE4749927C4050100861E5C;
			packageReferences = (
				1E6061BE2AF044FB0079385A /* XCRemoteSwiftPackageReference "firebase-ios-sdk" */,
			);
			productRefGroup = 1EE474A327C4050100861E5C /* Products */;
			projectDirPath = "";
			projectRoot = "";
			targets = (
				1EE474A127C4050100861E5C /* Tenares Shipping */,
			);
		};
/* End PBXProject section */

/* Begin PBXResourcesBuildPhase section */
		1EE474A027C4050100861E5C /* Resources */ = {
			isa = PBXResourcesBuildPhase;
			buildActionMask = 2147483647;
			files = (
				1EE474AD27C4050500861E5C /* Preview Assets.xcassets in Resources */,
				1EBD5454288701DE0007A77B /* GoogleService-Info.plist in Resources */,
				1E2E552827DFC22D00F25C10 /* Localizable.strings in Resources */,
				1EE474AA27C4050500861E5C /* Assets.xcassets in Resources */,
			);
			runOnlyForDeploymentPostprocessing = 0;
		};
/* End PBXResourcesBuildPhase section */

/* Begin PBXSourcesBuildPhase section */
		1EE4749E27C4050100861E5C /* Sources */ = {
			isa = PBXSourcesBuildPhase;
			buildActionMask = 2147483647;
			files = (
				1E7413DD2A30DC2F0094F064 /* Notif.swift in Sources */,
				1E1E5DEC27F23B2300BCC00A /* TrackViewModel.swift in Sources */,
				1E1E5DE327ECF8F800BCC00A /* RatesViewModel.swift in Sources */,
				1EE474A827C4050100861E5C /* MainView.swift in Sources */,
				1E0462D929214B2600F60389 /* LocationViewModel.swift in Sources */,
				1E0462DB29215B6500F60389 /* DrLocationView.swift in Sources */,
				1EE474A627C4050100861E5C /* EmbarqueTenaresSwiftUIApp.swift in Sources */,
				1E1E5DE127ECF79800BCC00A /* RatesModel.swift in Sources */,
				1EBD54522885A21F0007A77B /* TrackModel.swift in Sources */,
				1E2E552527DFA66800F25C10 /* TrackView.swift in Sources */,
				1E0462E729216E5E00F60389 /* ProgressBarView.swift in Sources */,
				1E0462DD29216D0400F60389 /* SocialMediaFooterView.swift in Sources */,
				1E1E5DE527EF765100BCC00A /* ErrorView.swift in Sources */,
				1E0462E129216DBA00F60389 /* FABView.swift in Sources */,
				1EFE3DA327E8FC750021F8D6 /* FAQsModel.swift in Sources */,
				1E0462DF29216D5400F60389 /* CollapsibleRowView.swift in Sources */,
				1EFE3DA127E8F2ED0021F8D6 /* FAQsViewModel.swift in Sources */,
				1E6E551528995D4600ADA8F4 /* SplashScreenView.swift in Sources */,
				1E5D405829DC8198005566DD /* Auth.swift in Sources */,
				1E42DBAC2AC763BE00A4120B /* SocialMediaButton.swift in Sources */,
				1EE474BE27C40FEF00861E5C /* NewYorkLocationView.swift in Sources */,
				1EE474BA27C4082100861E5C /* FAQsView.swift in Sources */,
				1EE474B827C4081000861E5C /* RatesView.swift in Sources */,
				1E0462F1292A8D1200F60389 /* AddContactView.swift in Sources */,
				1E0462E529216E3900F60389 /* PricePillView.swift in Sources */,
				1EE474BC27C4082E00861E5C /* LocationsView.swift in Sources */,
				1E6E5517289962E200ADA8F4 /* Fonts.swift in Sources */,
				1EE474C227C41EBE00861E5C /* Color.swift in Sources */,
				1E0462E329216E1900F60389 /* CollapsibleView.swift in Sources */,
				1E5D405A29DE0E69005566DD /* FirebaseErrorModel.swift in Sources */,
			);
			runOnlyForDeploymentPostprocessing = 0;
		};
/* End PBXSourcesBuildPhase section */

/* Begin PBXVariantGroup section */
		1E2E552A27DFC22D00F25C10 /* Localizable.strings */ = {
			isa = PBXVariantGroup;
			children = (
				1E2E552927DFC22D00F25C10 /* en */,
				1E2E552B27DFC22F00F25C10 /* es */,
			);
			name = Localizable.strings;
			sourceTree = "<group>";
		};
/* End PBXVariantGroup section */

/* Begin XCBuildConfiguration section */
		1EE474AE27C4050500861E5C /* Debug */ = {
			isa = XCBuildConfiguration;
			buildSettings = {
				ALWAYS_SEARCH_USER_PATHS = NO;
				CLANG_ANALYZER_LOCALIZABILITY_NONLOCALIZED = YES;
				CLANG_ANALYZER_NONNULL = YES;
				CLANG_ANALYZER_NUMBER_OBJECT_CONVERSION = YES_AGGRESSIVE;
				CLANG_CXX_LANGUAGE_STANDARD = "gnu++17";
				CLANG_CXX_LIBRARY = "libc++";
				CLANG_ENABLE_MODULES = YES;
				CLANG_ENABLE_OBJC_ARC = YES;
				CLANG_ENABLE_OBJC_WEAK = YES;
				CLANG_WARN_BLOCK_CAPTURE_AUTORELEASING = YES;
				CLANG_WARN_BOOL_CONVERSION = YES;
				CLANG_WARN_COMMA = YES;
				CLANG_WARN_CONSTANT_CONVERSION = YES;
				CLANG_WARN_DEPRECATED_OBJC_IMPLEMENTATIONS = YES;
				CLANG_WARN_DIRECT_OBJC_ISA_USAGE = YES_ERROR;
				CLANG_WARN_DOCUMENTATION_COMMENTS = YES;
				CLANG_WARN_EMPTY_BODY = YES;
				CLANG_WARN_ENUM_CONVERSION = YES;
				CLANG_WARN_INFINITE_RECURSION = YES;
				CLANG_WARN_INT_CONVERSION = YES;
				CLANG_WARN_NON_LITERAL_NULL_CONVERSION = YES;
				CLANG_WARN_OBJC_IMPLICIT_RETAIN_SELF = YES;
				CLANG_WARN_OBJC_LITERAL_CONVERSION = YES;
				CLANG_WARN_OBJC_ROOT_CLASS = YES_ERROR;
				CLANG_WARN_QUOTED_INCLUDE_IN_FRAMEWORK_HEADER = YES;
				CLANG_WARN_RANGE_LOOP_ANALYSIS = YES;
				CLANG_WARN_STRICT_PROTOTYPES = YES;
				CLANG_WARN_SUSPICIOUS_MOVE = YES;
				CLANG_WARN_UNGUARDED_AVAILABILITY = YES_AGGRESSIVE;
				CLANG_WARN_UNREACHABLE_CODE = YES;
				CLANG_WARN__DUPLICATE_METHOD_MATCH = YES;
				COPY_PHASE_STRIP = NO;
				DEBUG_INFORMATION_FORMAT = dwarf;
				ENABLE_STRICT_OBJC_MSGSEND = YES;
				ENABLE_TESTABILITY = YES;
				GCC_C_LANGUAGE_STANDARD = gnu11;
				GCC_DYNAMIC_NO_PIC = NO;
				GCC_NO_COMMON_BLOCKS = YES;
				GCC_OPTIMIZATION_LEVEL = 0;
				GCC_PREPROCESSOR_DEFINITIONS = (
					"DEBUG=1",
					"$(inherited)",
				);
				GCC_WARN_64_TO_32_BIT_CONVERSION = YES;
				GCC_WARN_ABOUT_RETURN_TYPE = YES_ERROR;
				GCC_WARN_UNDECLARED_SELECTOR = YES;
				GCC_WARN_UNINITIALIZED_AUTOS = YES_AGGRESSIVE;
				GCC_WARN_UNUSED_FUNCTION = YES;
				GCC_WARN_UNUSED_VARIABLE = YES;
				IPHONEOS_DEPLOYMENT_TARGET = 15.0;
				MTL_ENABLE_DEBUG_INFO = INCLUDE_SOURCE;
				MTL_FAST_MATH = YES;
				ONLY_ACTIVE_ARCH = YES;
				SDKROOT = iphoneos;
				SWIFT_ACTIVE_COMPILATION_CONDITIONS = DEBUG;
				SWIFT_OPTIMIZATION_LEVEL = "-Onone";
			};
			name = Debug;
		};
		1EE474AF27C4050500861E5C /* Release */ = {
			isa = XCBuildConfiguration;
			buildSettings = {
				ALWAYS_SEARCH_USER_PATHS = NO;
				CLANG_ANALYZER_LOCALIZABILITY_NONLOCALIZED = YES;
				CLANG_ANALYZER_NONNULL = YES;
				CLANG_ANALYZER_NUMBER_OBJECT_CONVERSION = YES_AGGRESSIVE;
				CLANG_CXX_LANGUAGE_STANDARD = "gnu++17";
				CLANG_CXX_LIBRARY = "libc++";
				CLANG_ENABLE_MODULES = YES;
				CLANG_ENABLE_OBJC_ARC = YES;
				CLANG_ENABLE_OBJC_WEAK = YES;
				CLANG_WARN_BLOCK_CAPTURE_AUTORELEASING = YES;
				CLANG_WARN_BOOL_CONVERSION = YES;
				CLANG_WARN_COMMA = YES;
				CLANG_WARN_CONSTANT_CONVERSION = YES;
				CLANG_WARN_DEPRECATED_OBJC_IMPLEMENTATIONS = YES;
				CLANG_WARN_DIRECT_OBJC_ISA_USAGE = YES_ERROR;
				CLANG_WARN_DOCUMENTATION_COMMENTS = YES;
				CLANG_WARN_EMPTY_BODY = YES;
				CLANG_WARN_ENUM_CONVERSION = YES;
				CLANG_WARN_INFINITE_RECURSION = YES;
				CLANG_WARN_INT_CONVERSION = YES;
				CLANG_WARN_NON_LITERAL_NULL_CONVERSION = YES;
				CLANG_WARN_OBJC_IMPLICIT_RETAIN_SELF = YES;
				CLANG_WARN_OBJC_LITERAL_CONVERSION = YES;
				CLANG_WARN_OBJC_ROOT_CLASS = YES_ERROR;
				CLANG_WARN_QUOTED_INCLUDE_IN_FRAMEWORK_HEADER = YES;
				CLANG_WARN_RANGE_LOOP_ANALYSIS = YES;
				CLANG_WARN_STRICT_PROTOTYPES = YES;
				CLANG_WARN_SUSPICIOUS_MOVE = YES;
				CLANG_WARN_UNGUARDED_AVAILABILITY = YES_AGGRESSIVE;
				CLANG_WARN_UNREACHABLE_CODE = YES;
				CLANG_WARN__DUPLICATE_METHOD_MATCH = YES;
				COPY_PHASE_STRIP = NO;
				DEBUG_INFORMATION_FORMAT = "dwarf-with-dsym";
				ENABLE_NS_ASSERTIONS = NO;
				ENABLE_STRICT_OBJC_MSGSEND = YES;
				GCC_C_LANGUAGE_STANDARD = gnu11;
				GCC_NO_COMMON_BLOCKS = YES;
				GCC_WARN_64_TO_32_BIT_CONVERSION = YES;
				GCC_WARN_ABOUT_RETURN_TYPE = YES_ERROR;
				GCC_WARN_UNDECLARED_SELECTOR = YES;
				GCC_WARN_UNINITIALIZED_AUTOS = YES_AGGRESSIVE;
				GCC_WARN_UNUSED_FUNCTION = YES;
				GCC_WARN_UNUSED_VARIABLE = YES;
				IPHONEOS_DEPLOYMENT_TARGET = 15.0;
				MTL_ENABLE_DEBUG_INFO = NO;
				MTL_FAST_MATH = YES;
				SDKROOT = iphoneos;
				SWIFT_COMPILATION_MODE = wholemodule;
				SWIFT_OPTIMIZATION_LEVEL = "-O";
				VALIDATE_PRODUCT = YES;
			};
			name = Release;
		};
		1EE474B127C4050500861E5C /* Debug */ = {
			isa = XCBuildConfiguration;
			buildSettings = {
				ASSETCATALOG_COMPILER_APPICON_NAME = AppIcon;
				ASSETCATALOG_COMPILER_GLOBAL_ACCENT_COLOR_NAME = AccentColor;
				CODE_SIGN_ENTITLEMENTS = "Tenares Shipping.entitlements";
				CODE_SIGN_STYLE = Automatic;
				CURRENT_PROJECT_VERSION = 1;
				DEVELOPMENT_ASSET_PATHS = "\"EmbarqueTenaresSwiftUI/Preview Content\"";
				DEVELOPMENT_TEAM = 49AKYU26GJ;
				ENABLE_PREVIEWS = YES;
				GENERATE_INFOPLIST_FILE = YES;
				INFOPLIST_FILE = EmbarqueTenaresSwiftUI/Info.plist;
				INFOPLIST_KEY_CFBundleDisplayName = "Tenares Shipping";
				INFOPLIST_KEY_LSApplicationCategoryType = "public.app-category.business";
				INFOPLIST_KEY_NSContactsUsageDescription = "This app needs to access you contacts to save records";
				INFOPLIST_KEY_UIApplicationSceneManifest_Generation = YES;
				INFOPLIST_KEY_UIApplicationSupportsIndirectInputEvents = YES;
				INFOPLIST_KEY_UIStatusBarStyle = UIStatusBarStyleDarkContent;
				INFOPLIST_KEY_UISupportedInterfaceOrientations = UIInterfaceOrientationPortrait;
				INFOPLIST_KEY_UISupportedInterfaceOrientations_iPad = "UIInterfaceOrientationPortrait UIInterfaceOrientationPortraitUpsideDown UIInterfaceOrientationLandscapeLeft UIInterfaceOrientationLandscapeRight";
				INFOPLIST_KEY_UISupportedInterfaceOrientations_iPhone = "UIInterfaceOrientationPortrait UIInterfaceOrientationLandscapeLeft UIInterfaceOrientationLandscapeRight";
				IPHONEOS_DEPLOYMENT_TARGET = 15.0;
				LD_RUNPATH_SEARCH_PATHS = (
					"$(inherited)",
					"@executable_path/Frameworks",
				);
				MARKETING_VERSION = 4.1;
				PRODUCT_BUNDLE_IDENTIFIER = com.embarquetenares.TenaresShipping;
				PRODUCT_NAME = "$(TARGET_NAME)";
				SUPPORTED_PLATFORMS = "iphoneos iphonesimulator";
				SUPPORTS_MACCATALYST = NO;
				SUPPORTS_MAC_DESIGNED_FOR_IPHONE_IPAD = NO;
				SWIFT_EMIT_LOC_STRINGS = YES;
				SWIFT_VERSION = 5.0;
				TARGETED_DEVICE_FAMILY = 1;
			};
			name = Debug;
		};
		1EE474B227C4050500861E5C /* Release */ = {
			isa = XCBuildConfiguration;
			buildSettings = {
				ASSETCATALOG_COMPILER_APPICON_NAME = AppIcon;
				ASSETCATALOG_COMPILER_GLOBAL_ACCENT_COLOR_NAME = AccentColor;
				CODE_SIGN_ENTITLEMENTS = "Tenares Shipping.entitlements";
				CODE_SIGN_STYLE = Automatic;
				CURRENT_PROJECT_VERSION = 1;
				DEVELOPMENT_ASSET_PATHS = "\"EmbarqueTenaresSwiftUI/Preview Content\"";
				DEVELOPMENT_TEAM = 49AKYU26GJ;
				ENABLE_PREVIEWS = YES;
				GENERATE_INFOPLIST_FILE = YES;
				INFOPLIST_FILE = EmbarqueTenaresSwiftUI/Info.plist;
				INFOPLIST_KEY_CFBundleDisplayName = "Tenares Shipping";
				INFOPLIST_KEY_LSApplicationCategoryType = "public.app-category.business";
				INFOPLIST_KEY_NSContactsUsageDescription = "This app needs to access you contacts to save records";
				INFOPLIST_KEY_UIApplicationSceneManifest_Generation = YES;
				INFOPLIST_KEY_UIApplicationSupportsIndirectInputEvents = YES;
				INFOPLIST_KEY_UIStatusBarStyle = UIStatusBarStyleDarkContent;
				INFOPLIST_KEY_UISupportedInterfaceOrientations = UIInterfaceOrientationPortrait;
				INFOPLIST_KEY_UISupportedInterfaceOrientations_iPad = "UIInterfaceOrientationPortrait UIInterfaceOrientationPortraitUpsideDown UIInterfaceOrientationLandscapeLeft UIInterfaceOrientationLandscapeRight";
				INFOPLIST_KEY_UISupportedInterfaceOrientations_iPhone = "UIInterfaceOrientationPortrait UIInterfaceOrientationLandscapeLeft UIInterfaceOrientationLandscapeRight";
				IPHONEOS_DEPLOYMENT_TARGET = 15.0;
				LD_RUNPATH_SEARCH_PATHS = (
					"$(inherited)",
					"@executable_path/Frameworks",
				);
				MARKETING_VERSION = 4.1;
				PRODUCT_BUNDLE_IDENTIFIER = com.embarquetenares.TenaresShipping;
				PRODUCT_NAME = "$(TARGET_NAME)";
				SUPPORTED_PLATFORMS = "iphoneos iphonesimulator";
				SUPPORTS_MACCATALYST = NO;
				SUPPORTS_MAC_DESIGNED_FOR_IPHONE_IPAD = NO;
				SWIFT_EMIT_LOC_STRINGS = YES;
				SWIFT_VERSION = 5.0;
				TARGETED_DEVICE_FAMILY = 1;
			};
			name = Release;
		};
/* End XCBuildConfiguration section */

/* Begin XCConfigurationList section */
		1EE4749D27C4050100861E5C /* Build configuration list for PBXProject "Tenares Shipping" */ = {
			isa = XCConfigurationList;
			buildConfigurations = (
				1EE474AE27C4050500861E5C /* Debug */,
				1EE474AF27C4050500861E5C /* Release */,
			);
			defaultConfigurationIsVisible = 0;
			defaultConfigurationName = Release;
		};
		1EE474B027C4050500861E5C /* Build configuration list for PBXNativeTarget "Tenares Shipping" */ = {
			isa = XCConfigurationList;
			buildConfigurations = (
				1EE474B127C4050500861E5C /* Debug */,
				1EE474B227C4050500861E5C /* Release */,
			);
			defaultConfigurationIsVisible = 0;
			defaultConfigurationName = Release;
		};
/* End XCConfigurationList section */

/* Begin XCRemoteSwiftPackageReference section */
		1E6061BE2AF044FB0079385A /* XCRemoteSwiftPackageReference "firebase-ios-sdk" */ = {
			isa = XCRemoteSwiftPackageReference;
			repositoryURL = "https://github.com/firebase/firebase-ios-sdk";
			requirement = {
				kind = exactVersion;
				version = 10.15.0;
			};
		};
/* End XCRemoteSwiftPackageReference section */

/* Begin XCSwiftPackageProductDependency section */
		1E6061BF2AF044FB0079385A /* FirebaseAppCheck */ = {
			isa = XCSwiftPackageProductDependency;
			package = 1E6061BE2AF044FB0079385A /* XCRemoteSwiftPackageReference "firebase-ios-sdk" */;
			productName = FirebaseAppCheck;
		};
		1E6061C12AF044FB0079385A /* FirebaseAuth */ = {
			isa = XCSwiftPackageProductDependency;
			package = 1E6061BE2AF044FB0079385A /* XCRemoteSwiftPackageReference "firebase-ios-sdk" */;
			productName = FirebaseAuth;
		};
		1E6061C32AF044FB0079385A /* FirebaseFirestore */ = {
			isa = XCSwiftPackageProductDependency;
			package = 1E6061BE2AF044FB0079385A /* XCRemoteSwiftPackageReference "firebase-ios-sdk" */;
			productName = FirebaseFirestore;
		};
/* End XCSwiftPackageProductDependency section */
	};
	rootObject = 1EE4749A27C4050100861E5C /* Project object */;
}
