<?xml version="1.0" encoding="UTF-8"?>
<Scheme
   LastUpgradeVersion = "1410"
   version = "1.3">
   <BuildAction
      parallelizeBuildables = "YES"
      buildImplicitDependencies = "YES">
      <BuildActionEntries>
         <BuildActionEntry
            buildForTesting = "YES"
            buildForRunning = "YES"
            buildForProfiling = "YES"
            buildForArchiving = "YES"
            buildForAnalyzing = "YES">
            <BuildableReference
               BuildableIdentifier = "primary"
               BlueprintIdentifier = "1EE474A127C4050100861E5C"
               BuildableName = "Tenares Shipping.app"
               BlueprintName = "Tenares Shipping"
               ReferencedContainer = "container:Tenares Shipping.xcodeproj">
            </BuildableReference>
         </BuildActionEntry>
         <BuildActionEntry
            buildForTesting = "YES"
            buildForRunning = "NO"
            buildForProfiling = "NO"
            buildForArchiving = "NO"
            buildForAnalyzing = "NO">
            <BuildableReference
               BuildableIdentifier = "primary"
               BlueprintIdentifier = "1EAC36EE2AF20331007272B2"
               BuildableName = "EmbarqueTenaresSwiftUIUITests.xctest"
               BlueprintName = "EmbarqueTenaresSwiftUIUITests"
               ReferencedContainer = "container:Tenares Shipping.xcodeproj">
            </BuildableReference>
         </BuildActionEntry>
      </BuildActionEntries>
   </BuildAction>
   <TestAction
      buildConfiguration = "Debug"
      selectedDebuggerIdentifier = "Xcode.DebuggerFoundation.Debugger.LLDB"
      selectedLauncherIdentifier = "Xcode.DebuggerFoundation.Launcher.LLDB"
      shouldUseLaunchSchemeArgsEnv = "YES"
      codeCoverageEnabled = "YES">
      <Testables>
         <TestableReference
            skipped = "NO"
            parallelizable = "YES">
            <BuildableReference
               BuildableIdentifier = "primary"
               BlueprintIdentifier = "1EAC36AC2AF0AD07007272B2"
               BuildableName = "EmbarqueTenaresSwiftUIUnitTests.xctest"
               BlueprintName = "EmbarqueTenaresSwiftUIUnitTests"
               ReferencedContainer = "container:Tenares Shipping.xcodeproj">
            </BuildableReference>
         </TestableReference>
         <TestableReference
            skipped = "NO">
            <BuildableReference
               BuildableIdentifier = "primary"
               BlueprintIdentifier = "1EAC36EE2AF20331007272B2"
               BuildableName = "EmbarqueTenaresSwiftUIUITests.xctest"
               BlueprintName = "EmbarqueTenaresSwiftUIUITests"
               ReferencedContainer = "container:Tenares Shipping.xcodeproj">
            </BuildableReference>
         </TestableReference>
      </Testables>
   </TestAction>
   <LaunchAction
      buildConfiguration = "Debug"
      selectedDebuggerIdentifier = "Xcode.DebuggerFoundation.Debugger.LLDB"
      selectedLauncherIdentifier = "Xcode.DebuggerFoundation.Launcher.LLDB"
      launchStyle = "0"
      useCustomWorkingDirectory = "NO"
      ignoresPersistentStateOnLaunch = "NO"
      debugDocumentVersioning = "YES"
      debugServiceExtension = "internal"
      allowLocationSimulation = "YES">
      <BuildableProductRunnable
         runnableDebuggingMode = "0">
         <BuildableReference
            BuildableIdentifier = "primary"
            BlueprintIdentifier = "1EE474A127C4050100861E5C"
            BuildableName = "Tenares Shipping.app"
            BlueprintName = "Tenares Shipping"
            ReferencedContainer = "container:Tenares Shipping.xcodeproj">
         </BuildableReference>
      </BuildableProductRunnable>
      <EnvironmentVariables>
         <EnvironmentVariable
            key = "AUTH_P"
            value = "*3TWpxYM\U^Xoi!"
            isEnabled = "YES">
         </EnvironmentVariable>
         <EnvironmentVariable
            key = "AUTH_U"
            value = "ios@embarquetenares.com"
            isEnabled = "YES">
         </EnvironmentVariable>
      </EnvironmentVariables>
   </LaunchAction>
   <ProfileAction
      buildConfiguration = "Release"
      shouldUseLaunchSchemeArgsEnv = "YES"
      savedToolIdentifier = ""
      useCustomWorkingDirectory = "NO"
      debugDocumentVersioning = "YES">
      <BuildableProductRunnable
         runnableDebuggingMode = "0">
         <BuildableReference
            BuildableIdentifier = "primary"
            BlueprintIdentifier = "1EE474A127C4050100861E5C"
            BuildableName = "Tenares Shipping.app"
            BlueprintName = "Tenares Shipping"
            ReferencedContainer = "container:Tenares Shipping.xcodeproj">
         </BuildableReference>
      </BuildableProductRunnable>
   </ProfileAction>
   <AnalyzeAction
      buildConfiguration = "Debug">
   </AnalyzeAction>
   <ArchiveAction
      buildConfiguration = "Release"
      revealArchiveInOrganizer = "YES">
   </ArchiveAction>
</Scheme>
